// !$*UTF8*$!
{
	archiveVersion = 1;
	classes = {
	};
	objectVersion = 55;
	objects = {

/* Begin PBXBuildFile section */
		252A90CB28C6E2030055A67D /* GameModel.swift in Sources */ = {isa = PBXBuildFile; fileRef = 252A90CA28C6E2030055A67D /* GameModel.swift */; };
		252A90CD28C6E4040055A67D /* GameManager.swift in Sources */ = {isa = PBXBuildFile; fileRef = 252A90CC28C6E4040055A67D /* GameManager.swift */; };
		BA5CFC8428BD15D00068089B /* LionSpellApp.swift in Sources */ = {isa = PBXBuildFile; fileRef = BA5CFC8328BD15D00068089B /* LionSpellApp.swift */; };
		BA5CFC8628BD15D00068089B /* LionSpellView.swift in Sources */ = {isa = PBXBuildFile; fileRef = BA5CFC8528BD15D00068089B /* LionSpellView.swift */; };
		BA5CFC8828BD15D40068089B /* Assets.xcassets in Resources */ = {isa = PBXBuildFile; fileRef = BA5CFC8728BD15D40068089B /* Assets.xcassets */; };
		BA5CFC8B28BD15D40068089B /* Preview Assets.xcassets in Resources */ = {isa = PBXBuildFile; fileRef = BA5CFC8A28BD15D40068089B /* Preview Assets.xcassets */; };
		BA5CFC9528BD15D40068089B /* LionSpellTests.swift in Sources */ = {isa = PBXBuildFile; fileRef = BA5CFC9428BD15D40068089B /* LionSpellTests.swift */; };
		BA5CFC9F28BD15D40068089B /* LionSpellUITests.swift in Sources */ = {isa = PBXBuildFile; fileRef = BA5CFC9E28BD15D40068089B /* LionSpellUITests.swift */; };
		BA5CFCA128BD15D40068089B /* LionSpellUITestsLaunchTests.swift in Sources */ = {isa = PBXBuildFile; fileRef = BA5CFCA028BD15D40068089B /* LionSpellUITestsLaunchTests.swift */; };
		BA5CFCAE28BD18090068089B /* WordListView.swift in Sources */ = {isa = PBXBuildFile; fileRef = BA5CFCAD28BD18090068089B /* WordListView.swift */; };
		BA5CFCB028BD1A4C0068089B /* CurrentWordView.swift in Sources */ = {isa = PBXBuildFile; fileRef = BA5CFCAF28BD1A4C0068089B /* CurrentWordView.swift */; };
		BA5CFCB228BD1B1B0068089B /* KeyBoardView.swift in Sources */ = {isa = PBXBuildFile; fileRef = BA5CFCB128BD1B1B0068089B /* KeyBoardView.swift */; };
		BA5CFCB628BD1CE20068089B /* SubmitButtonView.swift in Sources */ = {isa = PBXBuildFile; fileRef = BA5CFCB528BD1CE20068089B /* SubmitButtonView.swift */; };
		BA5CFCB828BD1D200068089B /* ScoreDisplayView.swift in Sources */ = {isa = PBXBuildFile; fileRef = BA5CFCB728BD1D200068089B /* ScoreDisplayView.swift */; };
		BAAFF68028BD513B00E9312B /* OptionBarView.swift in Sources */ = {isa = PBXBuildFile; fileRef = BAAFF67F28BD513B00E9312B /* OptionBarView.swift */; };
/* End PBXBuildFile section */

/* Begin PBXContainerItemProxy section */
		BA5CFC9128BD15D40068089B /* PBXContainerItemProxy */ = {
			isa = PBXContainerItemProxy;
			containerPortal = BA5CFC7828BD15D00068089B /* Project object */;
			proxyType = 1;
			remoteGlobalIDString = BA5CFC7F28BD15D00068089B;
			remoteInfo = LionSpell;
		};
		BA5CFC9B28BD15D40068089B /* PBXContainerItemProxy */ = {
			isa = PBXContainerItemProxy;
			containerPortal = BA5CFC7828BD15D00068089B /* Project object */;
			proxyType = 1;
			remoteGlobalIDString = BA5CFC7F28BD15D00068089B;
			remoteInfo = LionSpell;
		};
/* End PBXContainerItemProxy section */

/* Begin PBXFileReference section */
		252A90CA28C6E2030055A67D /* GameModel.swift */ = {isa = PBXFileReference; lastKnownFileType = sourcecode.swift; path = GameModel.swift; sourceTree = "<group>"; };
		252A90CC28C6E4040055A67D /* GameManager.swift */ = {isa = PBXFileReference; lastKnownFileType = sourcecode.swift; path = GameManager.swift; sourceTree = "<group>"; };
		BA5CFC8028BD15D00068089B /* LionSpell.app */ = {isa = PBXFileReference; explicitFileType = wrapper.application; includeInIndex = 0; path = LionSpell.app; sourceTree = BUILT_PRODUCTS_DIR; };
		BA5CFC8328BD15D00068089B /* LionSpellApp.swift */ = {isa = PBXFileReference; lastKnownFileType = sourcecode.swift; path = LionSpellApp.swift; sourceTree = "<group>"; };
		BA5CFC8528BD15D00068089B /* LionSpellView.swift */ = {isa = PBXFileReference; lastKnownFileType = sourcecode.swift; path = LionSpellView.swift; sourceTree = "<group>"; };
		BA5CFC8728BD15D40068089B /* Assets.xcassets */ = {isa = PBXFileReference; lastKnownFileType = folder.assetcatalog; path = Assets.xcassets; sourceTree = "<group>"; };
		BA5CFC8A28BD15D40068089B /* Preview Assets.xcassets */ = {isa = PBXFileReference; lastKnownFileType = folder.assetcatalog; path = "Preview Assets.xcassets"; sourceTree = "<group>"; };
		BA5CFC9028BD15D40068089B /* LionSpellTests.xctest */ = {isa = PBXFileReference; explicitFileType = wrapper.cfbundle; includeInIndex = 0; path = LionSpellTests.xctest; sourceTree = BUILT_PRODUCTS_DIR; };
		BA5CFC9428BD15D40068089B /* LionSpellTests.swift */ = {isa = PBXFileReference; lastKnownFileType = sourcecode.swift; path = LionSpellTests.swift; sourceTree = "<group>"; };
		BA5CFC9A28BD15D40068089B /* LionSpellUITests.xctest */ = {isa = PBXFileReference; explicitFileType = wrapper.cfbundle; includeInIndex = 0; path = LionSpellUITests.xctest; sourceTree = BUILT_PRODUCTS_DIR; };
		BA5CFC9E28BD15D40068089B /* LionSpellUITests.swift */ = {isa = PBXFileReference; lastKnownFileType = sourcecode.swift; path = LionSpellUITests.swift; sourceTree = "<group>"; };
		BA5CFCA028BD15D40068089B /* LionSpellUITestsLaunchTests.swift */ = {isa = PBXFileReference; lastKnownFileType = sourcecode.swift; path = LionSpellUITestsLaunchTests.swift; sourceTree = "<group>"; };
		BA5CFCAD28BD18090068089B /* WordListView.swift */ = {isa = PBXFileReference; lastKnownFileType = sourcecode.swift; path = WordListView.swift; sourceTree = "<group>"; };
		BA5CFCAF28BD1A4C0068089B /* CurrentWordView.swift */ = {isa = PBXFileReference; lastKnownFileType = sourcecode.swift; path = CurrentWordView.swift; sourceTree = "<group>"; };
		BA5CFCB128BD1B1B0068089B /* KeyBoardView.swift */ = {isa = PBXFileReference; lastKnownFileType = sourcecode.swift; path = KeyBoardView.swift; sourceTree = "<group>"; };
		BA5CFCB528BD1CE20068089B /* SubmitButtonView.swift */ = {isa = PBXFileReference; lastKnownFileType = sourcecode.swift; path = SubmitButtonView.swift; sourceTree = "<group>"; };
		BA5CFCB728BD1D200068089B /* ScoreDisplayView.swift */ = {isa = PBXFileReference; lastKnownFileType = sourcecode.swift; path = ScoreDisplayView.swift; sourceTree = "<group>"; };
		BAAFF67F28BD513B00E9312B /* OptionBarView.swift */ = {isa = PBXFileReference; lastKnownFileType = sourcecode.swift; path = OptionBarView.swift; sourceTree = "<group>"; };
/* End PBXFileReference section */

/* Begin PBXFrameworksBuildPhase section */
		BA5CFC7D28BD15D00068089B /* Frameworks */ = {
			isa = PBXFrameworksBuildPhase;
			buildActionMask = 2147483647;
			files = (
			);
			runOnlyForDeploymentPostprocessing = 0;
		};
		BA5CFC8D28BD15D40068089B /* Frameworks */ = {
			isa = PBXFrameworksBuildPhase;
			buildActionMask = 2147483647;
			files = (
			);
			runOnlyForDeploymentPostprocessing = 0;
		};
		BA5CFC9728BD15D40068089B /* Frameworks */ = {
			isa = PBXFrameworksBuildPhase;
			buildActionMask = 2147483647;
			files = (
			);
			runOnlyForDeploymentPostprocessing = 0;
		};
/* End PBXFrameworksBuildPhase section */

/* Begin PBXGroup section */
		2563F26628C71AB50000C7F0 /* View */ = {
			isa = PBXGroup;
			children = (
				BA5CFC8528BD15D00068089B /* LionSpellView.swift */,
				BA5CFCAD28BD18090068089B /* WordListView.swift */,
				BA5CFCAF28BD1A4C0068089B /* CurrentWordView.swift */,
				BA5CFCB128BD1B1B0068089B /* KeyBoardView.swift */,
				BA5CFCB528BD1CE20068089B /* SubmitButtonView.swift */,
				BA5CFCB728BD1D200068089B /* ScoreDisplayView.swift */,
				BAAFF67F28BD513B00E9312B /* OptionBarView.swift */,
			);
			path = View;
			sourceTree = "<group>";
		};
		2563F26728C71AD70000C7F0 /* Model */ = {
			isa = PBXGroup;
			children = (
				252A90CA28C6E2030055A67D /* GameModel.swift */,
			);
			path = Model;
			sourceTree = "<group>";
		};
		2563F26828C71AF40000C7F0 /* ViewModel */ = {
			isa = PBXGroup;
			children = (
				252A90CC28C6E4040055A67D /* GameManager.swift */,
			);
			path = ViewModel;
			sourceTree = "<group>";
		};
		BA5CFC7728BD15D00068089B = {
			isa = PBXGroup;
			children = (
				BA5CFC8228BD15D00068089B /* LionSpell */,
				BA5CFC9328BD15D40068089B /* LionSpellTests */,
				BA5CFC9D28BD15D40068089B /* LionSpellUITests */,
				BA5CFC8128BD15D00068089B /* Products */,
			);
			sourceTree = "<group>";
		};
		BA5CFC8128BD15D00068089B /* Products */ = {
			isa = PBXGroup;
			children = (
				BA5CFC8028BD15D00068089B /* LionSpell.app */,
				BA5CFC9028BD15D40068089B /* LionSpellTests.xctest */,
				BA5CFC9A28BD15D40068089B /* LionSpellUITests.xctest */,
			);
			name = Products;
			sourceTree = "<group>";
		};
		BA5CFC8228BD15D00068089B /* LionSpell */ = {
			isa = PBXGroup;
			children = (
				2563F26828C71AF40000C7F0 /* ViewModel */,
				2563F26728C71AD70000C7F0 /* Model */,
				2563F26628C71AB50000C7F0 /* View */,
				BA5CFC8328BD15D00068089B /* LionSpellApp.swift */,
				BA5CFC8728BD15D40068089B /* Assets.xcassets */,
				BA5CFC8928BD15D40068089B /* Preview Content */,
			);
			path = LionSpell;
			sourceTree = "<group>";
		};
		BA5CFC8928BD15D40068089B /* Preview Content */ = {
			isa = PBXGroup;
			children = (
				BA5CFC8A28BD15D40068089B /* Preview Assets.xcassets */,
			);
			path = "Preview Content";
			sourceTree = "<group>";
		};
		BA5CFC9328BD15D40068089B /* LionSpellTests */ = {
			isa = PBXGroup;
			children = (
				BA5CFC9428BD15D40068089B /* LionSpellTests.swift */,
			);
			path = LionSpellTests;
			sourceTree = "<group>";
		};
		BA5CFC9D28BD15D40068089B /* LionSpellUITests */ = {
			isa = PBXGroup;
			children = (
				BA5CFC9E28BD15D40068089B /* LionSpellUITests.swift */,
				BA5CFCA028BD15D40068089B /* LionSpellUITestsLaunchTests.swift */,
			);
			path = LionSpellUITests;
			sourceTree = "<group>";
		};
/* End PBXGroup section */

/* Begin PBXNativeTarget section */
		BA5CFC7F28BD15D00068089B /* LionSpell */ = {
			isa = PBXNativeTarget;
			buildConfigurationList = BA5CFCA428BD15D40068089B /* Build configuration list for PBXNativeTarget "LionSpell" */;
			buildPhases = (
				BA5CFC7C28BD15D00068089B /* Sources */,
				BA5CFC7D28BD15D00068089B /* Frameworks */,
				BA5CFC7E28BD15D00068089B /* Resources */,
			);
			buildRules = (
			);
			dependencies = (
			);
			name = LionSpell;
			productName = LionSpell;
			productReference = BA5CFC8028BD15D00068089B /* LionSpell.app */;
			productType = "com.apple.product-type.application";
		};
		BA5CFC8F28BD15D40068089B /* LionSpellTests */ = {
			isa = PBXNativeTarget;
			buildConfigurationList = BA5CFCA728BD15D40068089B /* Build configuration list for PBXNativeTarget "LionSpellTests" */;
			buildPhases = (
				BA5CFC8C28BD15D40068089B /* Sources */,
				BA5CFC8D28BD15D40068089B /* Frameworks */,
				BA5CFC8E28BD15D40068089B /* Resources */,
			);
			buildRules = (
			);
			dependencies = (
				BA5CFC9228BD15D40068089B /* PBXTargetDependency */,
			);
			name = LionSpellTests;
			productName = LionSpellTests;
			productReference = BA5CFC9028BD15D40068089B /* LionSpellTests.xctest */;
			productType = "com.apple.product-type.bundle.unit-test";
		};
		BA5CFC9928BD15D40068089B /* LionSpellUITests */ = {
			isa = PBXNativeTarget;
			buildConfigurationList = BA5CFCAA28BD15D40068089B /* Build configuration list for PBXNativeTarget "LionSpellUITests" */;
			buildPhases = (
				BA5CFC9628BD15D40068089B /* Sources */,
				BA5CFC9728BD15D40068089B /* Frameworks */,
				BA5CFC9828BD15D40068089B /* Resources */,
			);
			buildRules = (
			);
			dependencies = (
				BA5CFC9C28BD15D40068089B /* PBXTargetDependency */,
			);
			name = LionSpellUITests;
			productName = LionSpellUITests;
			productReference = BA5CFC9A28BD15D40068089B /* LionSpellUITests.xctest */;
			productType = "com.apple.product-type.bundle.ui-testing";
		};
/* End PBXNativeTarget section */

/* Begin PBXProject section */
		BA5CFC7828BD15D00068089B /* Project object */ = {
			isa = PBXProject;
			attributes = {
				BuildIndependentTargetsInParallel = 1;
				LastSwiftUpdateCheck = 1340;
				LastUpgradeCheck = 1340;
				TargetAttributes = {
					BA5CFC7F28BD15D00068089B = {
						CreatedOnToolsVersion = 13.4.1;
					};
					BA5CFC8F28BD15D40068089B = {
						CreatedOnToolsVersion = 13.4.1;
						TestTargetID = BA5CFC7F28BD15D00068089B;
					};
					BA5CFC9928BD15D40068089B = {
						CreatedOnToolsVersion = 13.4.1;
						TestTargetID = BA5CFC7F28BD15D00068089B;
					};
				};
			};
			buildConfigurationList = BA5CFC7B28BD15D00068089B /* Build configuration list for PBXProject "LionSpell" */;
			compatibilityVersion = "Xcode 13.0";
			developmentRegion = en;
			hasScannedForEncodings = 0;
			knownRegions = (
				en,
				Base,
			);
			mainGroup = BA5CFC7728BD15D00068089B;
			productRefGroup = BA5CFC8128BD15D00068089B /* Products */;
			projectDirPath = "";
			projectRoot = "";
			targets = (
				BA5CFC7F28BD15D00068089B /* LionSpell */,
				BA5CFC8F28BD15D40068089B /* LionSpellTests */,
				BA5CFC9928BD15D40068089B /* LionSpellUITests */,
			);
		};
/* End PBXProject section */

/* Begin PBXResourcesBuildPhase section */
		BA5CFC7E28BD15D00068089B /* Resources */ = {
			isa = PBXResourcesBuildPhase;
			buildActionMask = 2147483647;
			files = (
				BA5CFC8B28BD15D40068089B /* Preview Assets.xcassets in Resources */,
				BA5CFC8828BD15D40068089B /* Assets.xcassets in Resources */,
			);
			runOnlyForDeploymentPostprocessing = 0;
		};
		BA5CFC8E28BD15D40068089B /* Resources */ = {
			isa = PBXResourcesBuildPhase;
			buildActionMask = 2147483647;
			files = (
			);
			runOnlyForDeploymentPostprocessing = 0;
		};
		BA5CFC9828BD15D40068089B /* Resources */ = {
			isa = PBXResourcesBuildPhase;
			buildActionMask = 2147483647;
			files = (
			);
			runOnlyForDeploymentPostprocessing = 0;
		};
/* End PBXResourcesBuildPhase section */

/* Begin PBXSourcesBuildPhase section */
		BA5CFC7C28BD15D00068089B /* Sources */ = {
			isa = PBXSourcesBuildPhase;
			buildActionMask = 2147483647;
			files = (
				BA5CFCB628BD1CE20068089B /* SubmitButtonView.swift in Sources */,
				BA5CFC8628BD15D00068089B /* LionSpellView.swift in Sources */,
				252A90CB28C6E2030055A67D /* GameModel.swift in Sources */,
				BA5CFCB228BD1B1B0068089B /* KeyBoardView.swift in Sources */,
				BA5CFCAE28BD18090068089B /* WordListView.swift in Sources */,
				BA5CFCB028BD1A4C0068089B /* CurrentWordView.swift in Sources */,
				BA5CFC8428BD15D00068089B /* LionSpellApp.swift in Sources */,
				BAAFF68028BD513B00E9312B /* OptionBarView.swift in Sources */,
				BA5CFCB828BD1D200068089B /* ScoreDisplayView.swift in Sources */,
				252A90CD28C6E4040055A67D /* GameManager.swift in Sources */,
			);
			runOnlyForDeploymentPostprocessing = 0;
		};
		BA5CFC8C28BD15D40068089B /* Sources */ = {
			isa = PBXSourcesBuildPhase;
			buildActionMask = 2147483647;
			files = (
				BA5CFC9528BD15D40068089B /* LionSpellTests.swift in Sources */,
			);
			runOnlyForDeploymentPostprocessing = 0;
		};
		BA5CFC9628BD15D40068089B /* Sources */ = {
			isa = PBXSourcesBuildPhase;
			buildActionMask = 2147483647;
			files = (
				BA5CFC9F28BD15D40068089B /* LionSpellUITests.swift in Sources */,
				BA5CFCA128BD15D40068089B /* LionSpellUITestsLaunchTests.swift in Sources */,
			);
			runOnlyForDeploymentPostprocessing = 0;
		};
/* End PBXSourcesBuildPhase section */

/* Begin PBXTargetDependency section */
		BA5CFC9228BD15D40068089B /* PBXTargetDependency */ = {
			isa = PBXTargetDependency;
			target = BA5CFC7F28BD15D00068089B /* LionSpell */;
			targetProxy = BA5CFC9128BD15D40068089B /* PBXContainerItemProxy */;
		};
		BA5CFC9C28BD15D40068089B /* PBXTargetDependency */ = {
			isa = PBXTargetDependency;
			target = BA5CFC7F28BD15D00068089B /* LionSpell */;
			targetProxy = BA5CFC9B28BD15D40068089B /* PBXContainerItemProxy */;
		};
/* End PBXTargetDependency section */

/* Begin XCBuildConfiguration section */
		BA5CFCA228BD15D40068089B /* Debug */ = {
			isa = XCBuildConfiguration;
			buildSettings = {
				ALWAYS_SEARCH_USER_PATHS = NO;
				CLANG_ANALYZER_NONNULL = YES;
				CLANG_ANALYZER_NUMBER_OBJECT_CONVERSION = YES_AGGRESSIVE;
				CLANG_CXX_LANGUAGE_STANDARD = "gnu++17";
				CLANG_ENABLE_MODULES = YES;
				CLANG_ENABLE_OBJC_ARC = YES;
				CLANG_ENABLE_OBJC_WEAK = YES;
				CLANG_WARN_BLOCK_CAPTURE_AUTORELEASING = YES;
				CLANG_WARN_BOOL_CONVERSION = YES;
				CLANG_WARN_COMMA = YES;
				CLANG_WARN_CONSTANT_CONVERSION = YES;
				CLANG_WARN_DEPRECATED_OBJC_IMPLEMENTATIONS = YES;
				CLANG_WARN_DIRECT_OBJC_ISA_USAGE = YES_ERROR;
				CLANG_WARN_DOCUMENTATION_COMMENTS = YES;
				CLANG_WARN_EMPTY_BODY = YES;
				CLANG_WARN_ENUM_CONVERSION = YES;
				CLANG_WARN_INFINITE_RECURSION = YES;
				CLANG_WARN_INT_CONVERSION = YES;
				CLANG_WARN_NON_LITERAL_NULL_CONVERSION = YES;
				CLANG_WARN_OBJC_IMPLICIT_RETAIN_SELF = YES;
				CLANG_WARN_OBJC_LITERAL_CONVERSION = YES;
				CLANG_WARN_OBJC_ROOT_CLASS = YES_ERROR;
				CLANG_WARN_QUOTED_INCLUDE_IN_FRAMEWORK_HEADER = YES;
				CLANG_WARN_RANGE_LOOP_ANALYSIS = YES;
				CLANG_WARN_STRICT_PROTOTYPES = YES;
				CLANG_WARN_SUSPICIOUS_MOVE = YES;
				CLANG_WARN_UNGUARDED_AVAILABILITY = YES_AGGRESSIVE;
				CLANG_WARN_UNREACHABLE_CODE = YES;
				CLANG_WARN__DUPLICATE_METHOD_MATCH = YES;
				COPY_PHASE_STRIP = NO;
				DEBUG_INFORMATION_FORMAT = dwarf;
				ENABLE_STRICT_OBJC_MSGSEND = YES;
				ENABLE_TESTABILITY = YES;
				GCC_C_LANGUAGE_STANDARD = gnu11;
				GCC_DYNAMIC_NO_PIC = NO;
				GCC_NO_COMMON_BLOCKS = YES;
				GCC_OPTIMIZATION_LEVEL = 0;
				GCC_PREPROCESSOR_DEFINITIONS = (
					"DEBUG=1",
					"$(inherited)",
				);
				GCC_WARN_64_TO_32_BIT_CONVERSION = YES;
				GCC_WARN_ABOUT_RETURN_TYPE = YES_ERROR;
				GCC_WARN_UNDECLARED_SELECTOR = YES;
				GCC_WARN_UNINITIALIZED_AUTOS = YES_AGGRESSIVE;
				GCC_WARN_UNUSED_FUNCTION = YES;
				GCC_WARN_UNUSED_VARIABLE = YES;
				IPHONEOS_DEPLOYMENT_TARGET = 15.5;
				MTL_ENABLE_DEBUG_INFO = INCLUDE_SOURCE;
				MTL_FAST_MATH = YES;
				ONLY_ACTIVE_ARCH = YES;
				SDKROOT = iphoneos;
				SWIFT_ACTIVE_COMPILATION_CONDITIONS = DEBUG;
				SWIFT_OPTIMIZATION_LEVEL = "-Onone";
			};
			name = Debug;
		};
		BA5CFCA328BD15D40068089B /* Release */ = {
			isa = XCBuildConfiguration;
			buildSettings = {
				ALWAYS_SEARCH_USER_PATHS = NO;
				CLANG_ANALYZER_NONNULL = YES;
				CLANG_ANALYZER_NUMBER_OBJECT_CONVERSION = YES_AGGRESSIVE;
				CLANG_CXX_LANGUAGE_STANDARD = "gnu++17";
				CLANG_ENABLE_MODULES = YES;
				CLANG_ENABLE_OBJC_ARC = YES;
				CLANG_ENABLE_OBJC_WEAK = YES;
				CLANG_WARN_BLOCK_CAPTURE_AUTORELEASING = YES;
				CLANG_WARN_BOOL_CONVERSION = YES;
				CLANG_WARN_COMMA = YES;
				CLANG_WARN_CONSTANT_CONVERSION = YES;
				CLANG_WARN_DEPRECATED_OBJC_IMPLEMENTATIONS = YES;
				CLANG_WARN_DIRECT_OBJC_ISA_USAGE = YES_ERROR;
				CLANG_WARN_DOCUMENTATION_COMMENTS = YES;
				CLANG_WARN_EMPTY_BODY = YES;
				CLANG_WARN_ENUM_CONVERSION = YES;
				CLANG_WARN_INFINITE_RECURSION = YES;
				CLANG_WARN_INT_CONVERSION = YES;
				CLANG_WARN_NON_LITERAL_NULL_CONVERSION = YES;
				CLANG_WARN_OBJC_IMPLICIT_RETAIN_SELF = YES;
				CLANG_WARN_OBJC_LITERAL_CONVERSION = YES;
				CLANG_WARN_OBJC_ROOT_CLASS = YES_ERROR;
				CLANG_WARN_QUOTED_INCLUDE_IN_FRAMEWORK_HEADER = YES;
				CLANG_WARN_RANGE_LOOP_ANALYSIS = YES;
				CLANG_WARN_STRICT_PROTOTYPES = YES;
				CLANG_WARN_SUSPICIOUS_MOVE = YES;
				CLANG_WARN_UNGUARDED_AVAILABILITY = YES_AGGRESSIVE;
				CLANG_WARN_UNREACHABLE_CODE = YES;
				CLANG_WARN__DUPLICATE_METHOD_MATCH = YES;
				COPY_PHASE_STRIP = NO;
				DEBUG_INFORMATION_FORMAT = "dwarf-with-dsym";
				ENABLE_NS_ASSERTIONS = NO;
				ENABLE_STRICT_OBJC_MSGSEND = YES;
				GCC_C_LANGUAGE_STANDARD = gnu11;
				GCC_NO_COMMON_BLOCKS = YES;
				GCC_WARN_64_TO_32_BIT_CONVERSION = YES;
				GCC_WARN_ABOUT_RETURN_TYPE = YES_ERROR;
				GCC_WARN_UNDECLARED_SELECTOR = YES;
				GCC_WARN_UNINITIALIZED_AUTOS = YES_AGGRESSIVE;
				GCC_WARN_UNUSED_FUNCTION = YES;
				GCC_WARN_UNUSED_VARIABLE = YES;
				IPHONEOS_DEPLOYMENT_TARGET = 15.5;
				MTL_ENABLE_DEBUG_INFO = NO;
				MTL_FAST_MATH = YES;
				SDKROOT = iphoneos;
				SWIFT_COMPILATION_MODE = wholemodule;
				SWIFT_OPTIMIZATION_LEVEL = "-O";
				VALIDATE_PRODUCT = YES;
			};
			name = Release;
		};
		BA5CFCA528BD15D40068089B /* Debug */ = {
			isa = XCBuildConfiguration;
			buildSettings = {
				ASSETCATALOG_COMPILER_APPICON_NAME = AppIcon;
				ASSETCATALOG_COMPILER_GLOBAL_ACCENT_COLOR_NAME = AccentColor;
				CODE_SIGN_STYLE = Automatic;
				CURRENT_PROJECT_VERSION = 1;
				DEVELOPMENT_ASSET_PATHS = "\"LionSpell/Preview Content\"";
				DEVELOPMENT_TEAM = KWNX9MKVPU;
				ENABLE_PREVIEWS = YES;
				GENERATE_INFOPLIST_FILE = YES;
				INFOPLIST_KEY_UIApplicationSceneManifest_Generation = YES;
				INFOPLIST_KEY_UIApplicationSupportsIndirectInputEvents = YES;
				INFOPLIST_KEY_UILaunchScreen_Generation = YES;
				INFOPLIST_KEY_UISupportedInterfaceOrientations_iPad = "UIInterfaceOrientationPortrait UIInterfaceOrientationPortraitUpsideDown UIInterfaceOrientationLandscapeLeft UIInterfaceOrientationLandscapeRight";
				INFOPLIST_KEY_UISupportedInterfaceOrientations_iPhone = "UIInterfaceOrientationPortrait UIInterfaceOrientationLandscapeLeft UIInterfaceOrientationLandscapeRight";
				LD_RUNPATH_SEARCH_PATHS = (
					"$(inherited)",
					"@executable_path/Frameworks",
				);
				MARKETING_VERSION = 1.0;
				PRODUCT_BUNDLE_IDENTIFIER = edu.psu.drs5972.LionSpell;
				PRODUCT_NAME = "$(TARGET_NAME)";
				SWIFT_EMIT_LOC_STRINGS = YES;
				SWIFT_VERSION = 5.0;
				TARGETED_DEVICE_FAMILY = "1,2";
			};
			name = Debug;
		};
		BA5CFCA628BD15D40068089B /* Release */ = {
			isa = XCBuildConfiguration;
			buildSettings = {
				ASSETCATALOG_COMPILER_APPICON_NAME = AppIcon;
				ASSETCATALOG_COMPILER_GLOBAL_ACCENT_COLOR_NAME = AccentColor;
				CODE_SIGN_STYLE = Automatic;
				CURRENT_PROJECT_VERSION = 1;
				DEVELOPMENT_ASSET_PATHS = "\"LionSpell/Preview Content\"";
				DEVELOPMENT_TEAM = KWNX9MKVPU;
				ENABLE_PREVIEWS = YES;
				GENERATE_INFOPLIST_FILE = YES;
				INFOPLIST_KEY_UIApplicationSceneManifest_Generation = YES;
				INFOPLIST_KEY_UIApplicationSupportsIndirectInputEvents = YES;
				INFOPLIST_KEY_UILaunchScreen_Generation = YES;
				INFOPLIST_KEY_UISupportedInterfaceOrientations_iPad = "UIInterfaceOrientationPortrait UIInterfaceOrientationPortraitUpsideDown UIInterfaceOrientationLandscapeLeft UIInterfaceOrientationLandscapeRight";
				INFOPLIST_KEY_UISupportedInterfaceOrientations_iPhone = "UIInterfaceOrientationPortrait UIInterfaceOrientationLandscapeLeft UIInterfaceOrientationLandscapeRight";
				LD_RUNPATH_SEARCH_PATHS = (
					"$(inherited)",
					"@executable_path/Frameworks",
				);
				MARKETING_VERSION = 1.0;
				PRODUCT_BUNDLE_IDENTIFIER = edu.psu.drs5972.LionSpell;
				PRODUCT_NAME = "$(TARGET_NAME)";
				SWIFT_EMIT_LOC_STRINGS = YES;
				SWIFT_VERSION = 5.0;
				TARGETED_DEVICE_FAMILY = "1,2";
			};
			name = Release;
		};
		BA5CFCA828BD15D40068089B /* Debug */ = {
			isa = XCBuildConfiguration;
			buildSettings = {
				ALWAYS_EMBED_SWIFT_STANDARD_LIBRARIES = YES;
				BUNDLE_LOADER = "$(TEST_HOST)";
				CODE_SIGN_STYLE = Automatic;
				CURRENT_PROJECT_VERSION = 1;
				DEVELOPMENT_TEAM = KWNX9MKVPU;
				GENERATE_INFOPLIST_FILE = YES;
				IPHONEOS_DEPLOYMENT_TARGET = 15.5;
				MARKETING_VERSION = 1.0;
				PRODUCT_BUNDLE_IDENTIFIER = edu.psu.drs5972.LionSpellTests;
				PRODUCT_NAME = "$(TARGET_NAME)";
				SWIFT_EMIT_LOC_STRINGS = NO;
				SWIFT_VERSION = 5.0;
				TARGETED_DEVICE_FAMILY = "1,2";
				TEST_HOST = "$(BUILT_PRODUCTS_DIR)/LionSpell.app/LionSpell";
			};
			name = Debug;
		};
		BA5CFCA928BD15D40068089B /* Release */ = {
			isa = XCBuildConfiguration;
			buildSettings = {
				ALWAYS_EMBED_SWIFT_STANDARD_LIBRARIES = YES;
				BUNDLE_LOADER = "$(TEST_HOST)";
				CODE_SIGN_STYLE = Automatic;
				CURRENT_PROJECT_VERSION = 1;
				DEVELOPMENT_TEAM = KWNX9MKVPU;
				GENERATE_INFOPLIST_FILE = YES;
				IPHONEOS_DEPLOYMENT_TARGET = 15.5;
				MARKETING_VERSION = 1.0;
				PRODUCT_BUNDLE_IDENTIFIER = edu.psu.drs5972.LionSpellTests;
				PRODUCT_NAME = "$(TARGET_NAME)";
				SWIFT_EMIT_LOC_STRINGS = NO;
				SWIFT_VERSION = 5.0;
				TARGETED_DEVICE_FAMILY = "1,2";
				TEST_HOST = "$(BUILT_PRODUCTS_DIR)/LionSpell.app/LionSpell";
			};
			name = Release;
		};
		BA5CFCAB28BD15D40068089B /* Debug */ = {
			isa = XCBuildConfiguration;
			buildSettings = {
				ALWAYS_EMBED_SWIFT_STANDARD_LIBRARIES = YES;
				CODE_SIGN_STYLE = Automatic;
				CURRENT_PROJECT_VERSION = 1;
				DEVELOPMENT_TEAM = KWNX9MKVPU;
				GENERATE_INFOPLIST_FILE = YES;
				MARKETING_VERSION = 1.0;
				PRODUCT_BUNDLE_IDENTIFIER = edu.psu.drs5972.LionSpellUITests;
				PRODUCT_NAME = "$(TARGET_NAME)";
				SWIFT_EMIT_LOC_STRINGS = NO;
				SWIFT_VERSION = 5.0;
				TARGETED_DEVICE_FAMILY = "1,2";
				TEST_TARGET_NAME = LionSpell;
			};
			name = Debug;
		};
		BA5CFCAC28BD15D40068089B /* Release */ = {
			isa = XCBuildConfiguration;
			buildSettings = {
				ALWAYS_EMBED_SWIFT_STANDARD_LIBRARIES = YES;
				CODE_SIGN_STYLE = Automatic;
				CURRENT_PROJECT_VERSION = 1;
				DEVELOPMENT_TEAM = KWNX9MKVPU;
				GENERATE_INFOPLIST_FILE = YES;
				MARKETING_VERSION = 1.0;
				PRODUCT_BUNDLE_IDENTIFIER = edu.psu.drs5972.LionSpellUITests;
				PRODUCT_NAME = "$(TARGET_NAME)";
				SWIFT_EMIT_LOC_STRINGS = NO;
				SWIFT_VERSION = 5.0;
				TARGETED_DEVICE_FAMILY = "1,2";
				TEST_TARGET_NAME = LionSpell;
			};
			name = Release;
		};
/* End XCBuildConfiguration section */

/* Begin XCConfigurationList section */
		BA5CFC7B28BD15D00068089B /* Build configuration list for PBXProject "LionSpell" */ = {
			isa = XCConfigurationList;
			buildConfigurations = (
				BA5CFCA228BD15D40068089B /* Debug */,
				BA5CFCA328BD15D40068089B /* Release */,
			);
			defaultConfigurationIsVisible = 0;
			defaultConfigurationName = Release;
		};
		BA5CFCA428BD15D40068089B /* Build configuration list for PBXNativeTarget "LionSpell" */ = {
			isa = XCConfigurationList;
			buildConfigurations = (
				BA5CFCA528BD15D40068089B /* Debug */,
				BA5CFCA628BD15D40068089B /* Release */,
			);
			defaultConfigurationIsVisible = 0;
			defaultConfigurationName = Release;
		};
		BA5CFCA728BD15D40068089B /* Build configuration list for PBXNativeTarget "LionSpellTests" */ = {
			isa = XCConfigurationList;
			buildConfigurations = (
				BA5CFCA828BD15D40068089B /* Debug */,
				BA5CFCA928BD15D40068089B /* Release */,
			);
			defaultConfigurationIsVisible = 0;
			defaultConfigurationName = Release;
		};
		BA5CFCAA28BD15D40068089B /* Build configuration list for PBXNativeTarget "LionSpellUITests" */ = {
			isa = XCConfigurationList;
			buildConfigurations = (
				BA5CFCAB28BD15D40068089B /* Debug */,
				BA5CFCAC28BD15D40068089B /* Release */,
			);
			defaultConfigurationIsVisible = 0;
			defaultConfigurationName = Release;
		};
/* End XCConfigurationList section */
	};
	rootObject = BA5CFC7828BD15D00068089B /* Project object */;
}
