// !$*UTF8*$!
{
	archiveVersion = 1;
	classes = {
	};
	objectVersion = 56;
	objects = {

/* Begin PBXBuildFile section */
		257297D9292C501700E6FF05 /* FactionEditSheet.swift in Sources */ = {isa = PBXBuildFile; fileRef = 257297D8292C501700E6FF05 /* FactionEditSheet.swift */; };
		257297DB292C523D00E6FF05 /* ItemEditSheet.swift in Sources */ = {isa = PBXBuildFile; fileRef = 257297DA292C523D00E6FF05 /* ItemEditSheet.swift */; };
		257297DD292C572600E6FF05 /* LocationEditSheet.swift in Sources */ = {isa = PBXBuildFile; fileRef = 257297DC292C572600E6FF05 /* LocationEditSheet.swift */; };
		257297DF292D6D2D00E6FF05 /* BubbleCapsule.swift in Sources */ = {isa = PBXBuildFile; fileRef = 257297DE292D6D2D00E6FF05 /* BubbleCapsule.swift */; };
		257297E1292D7E6000E6FF05 /* PhotoPickerView.swift in Sources */ = {isa = PBXBuildFile; fileRef = 257297E0292D7E6000E6FF05 /* PhotoPickerView.swift */; };
		257297E8292E8FFF00E6FF05 /* MapView.swift in Sources */ = {isa = PBXBuildFile; fileRef = 257297E7292E8FFF00E6FF05 /* MapView.swift */; };
		25CE8ACD292AF3CF0041394F /* BubbleEditSheet.swift in Sources */ = {isa = PBXBuildFile; fileRef = 25CE8ACC292AF3CF0041394F /* BubbleEditSheet.swift */; };
		25CE8ACF292AF85F0041394F /* Color+Components.swift in Sources */ = {isa = PBXBuildFile; fileRef = 25CE8ACE292AF85F0041394F /* Color+Components.swift */; };
		25CE8AD3292AFBA50041394F /* CharacterEditSheet.swift in Sources */ = {isa = PBXBuildFile; fileRef = 25CE8AD2292AFBA50041394F /* CharacterEditSheet.swift */; };
		25CE8AD5292AFF9E0041394F /* DisplayElementButton.swift in Sources */ = {isa = PBXBuildFile; fileRef = 25CE8AD4292AFF9E0041394F /* DisplayElementButton.swift */; };
		25CE8AD8292B2F1B0041394F /* Bubbles.xcdatamodeld in Sources */ = {isa = PBXBuildFile; fileRef = 25CE8AD6292B2F1A0041394F /* Bubbles.xcdatamodeld */; };
		BA06BDC2293504BB00A1F497 /* ZoomingScrollView.swift in Sources */ = {isa = PBXBuildFile; fileRef = BA06BDC1293504BB00A1F497 /* ZoomingScrollView.swift */; };
		BA06BDC429351A1200A1F497 /* MapMenu.swift in Sources */ = {isa = PBXBuildFile; fileRef = BA06BDC329351A1200A1F497 /* MapMenu.swift */; };
		BA15DAD4293ED46D006646F9 /* SelectionBubbleList.swift in Sources */ = {isa = PBXBuildFile; fileRef = BA15DAD3293ED46D006646F9 /* SelectionBubbleList.swift */; };
		BA15DAD6293EE3F5006646F9 /* UnknownBubbleView.swift in Sources */ = {isa = PBXBuildFile; fileRef = BA15DAD5293EE3F5006646F9 /* UnknownBubbleView.swift */; };
		BA1A71F72942A9A900D44B2F /* DrawnCircleView.swift in Sources */ = {isa = PBXBuildFile; fileRef = BA1A71F62942A9A900D44B2F /* DrawnCircleView.swift */; };
		BA1A71F92942AC7100D44B2F /* Map+Erase.swift in Sources */ = {isa = PBXBuildFile; fileRef = BA1A71F82942AC7100D44B2F /* Map+Erase.swift */; };
		BA1D4BE429244A340017C9C9 /* BubbleList.swift in Sources */ = {isa = PBXBuildFile; fileRef = BA1D4BE329244A340017C9C9 /* BubbleList.swift */; };
		BA1D4BEC292453110017C9C9 /* CharacterView.swift in Sources */ = {isa = PBXBuildFile; fileRef = BA1D4BEB292453110017C9C9 /* CharacterView.swift */; };
		BA1D4BEE292453FF0017C9C9 /* FactionView.swift in Sources */ = {isa = PBXBuildFile; fileRef = BA1D4BED292453FF0017C9C9 /* FactionView.swift */; };
		BA1D4BF0292454430017C9C9 /* ItemView.swift in Sources */ = {isa = PBXBuildFile; fileRef = BA1D4BEF292454430017C9C9 /* ItemView.swift */; };
		BA1D4BF2292454630017C9C9 /* LocationView.swift in Sources */ = {isa = PBXBuildFile; fileRef = BA1D4BF1292454630017C9C9 /* LocationView.swift */; };
		BA1D4BF62924566F0017C9C9 /* Color+Bubble.swift in Sources */ = {isa = PBXBuildFile; fileRef = BA1D4BF52924566F0017C9C9 /* Color+Bubble.swift */; };
		BA20869E29440F3000178BA8 /* CoreData+Convenience.swift in Sources */ = {isa = PBXBuildFile; fileRef = BA20869D29440F3000178BA8 /* CoreData+Convenience.swift */; };
		BA3CF0A6293525FD005753BE /* MainView.swift in Sources */ = {isa = PBXBuildFile; fileRef = BA3CF0A5293525FD005753BE /* MainView.swift */; };
		BA3CF0AA293529DC005753BE /* AddMapSheet.swift in Sources */ = {isa = PBXBuildFile; fileRef = BA3CF0A9293529DC005753BE /* AddMapSheet.swift */; };
		BA3CF0AC29353088005753BE /* OptionsSheet.swift in Sources */ = {isa = PBXBuildFile; fileRef = BA3CF0AB29353088005753BE /* OptionsSheet.swift */; };
		BA49669D29384B7600CB2E44 /* NewBubbleSheet.swift in Sources */ = {isa = PBXBuildFile; fileRef = BA49669C29384B7600CB2E44 /* NewBubbleSheet.swift */; };
		BA6A876E2937F89A003A8F9B /* Color+Standards.swift in Sources */ = {isa = PBXBuildFile; fileRef = BA6A876D2937F89A003A8F9B /* Color+Standards.swift */; };
		BA6A877029380886003A8F9B /* GestureMapView.swift in Sources */ = {isa = PBXBuildFile; fileRef = BA6A876F29380886003A8F9B /* GestureMapView.swift */; };
		BA6C0C74293A782600756894 /* Bubble+Validate.swift in Sources */ = {isa = PBXBuildFile; fileRef = BA6C0C73293A782600756894 /* Bubble+Validate.swift */; };
		BAA0785E29426C3A00B3BDF2 /* GestureBubbleCapsule.swift in Sources */ = {isa = PBXBuildFile; fileRef = BAA0785D29426C3A00B3BDF2 /* GestureBubbleCapsule.swift */; };
		BAB25FB3294537F300ED7E83 /* CapsuleGrid.swift in Sources */ = {isa = PBXBuildFile; fileRef = BAB25FB2294537F300ED7E83 /* CapsuleGrid.swift */; };
		BAB25FB52945554000ED7E83 /* ClosableSheet.swift in Sources */ = {isa = PBXBuildFile; fileRef = BAB25FB42945554000ED7E83 /* ClosableSheet.swift */; };
		BAB582FF29450DD800E8C5E5 /* ToolbarMapView.swift in Sources */ = {isa = PBXBuildFile; fileRef = BAB582FE29450DD800E8C5E5 /* ToolbarMapView.swift */; };
		BACCB3A7291EBEE2004B65EC /* ScryApp.swift in Sources */ = {isa = PBXBuildFile; fileRef = BACCB3A6291EBEE2004B65EC /* ScryApp.swift */; };
		BACCB3AB291EBEE3004B65EC /* Assets.xcassets in Resources */ = {isa = PBXBuildFile; fileRef = BACCB3AA291EBEE3004B65EC /* Assets.xcassets */; };
		BACCB3AE291EBEE3004B65EC /* Preview Assets.xcassets in Resources */ = {isa = PBXBuildFile; fileRef = BACCB3AD291EBEE3004B65EC /* Preview Assets.xcassets */; };
		BACCB3B8291EBEE4004B65EC /* ScryTests.swift in Sources */ = {isa = PBXBuildFile; fileRef = BACCB3B7291EBEE4004B65EC /* ScryTests.swift */; };
		BACCB3C2291EBEE4004B65EC /* ScryUITests.swift in Sources */ = {isa = PBXBuildFile; fileRef = BACCB3C1291EBEE4004B65EC /* ScryUITests.swift */; };
		BACCB3C4291EBEE4004B65EC /* ScryUITestsLaunchTests.swift in Sources */ = {isa = PBXBuildFile; fileRef = BACCB3C3291EBEE4004B65EC /* ScryUITestsLaunchTests.swift */; };
		BACCB3D2291EBF68004B65EC /* LinkedBubbleCapsule.swift in Sources */ = {isa = PBXBuildFile; fileRef = BACCB3D1291EBF68004B65EC /* LinkedBubbleCapsule.swift */; };
		BACCB3D9291EC43C004B65EC /* MultilineTextInput.swift in Sources */ = {isa = PBXBuildFile; fileRef = BACCB3D8291EC43C004B65EC /* MultilineTextInput.swift */; };
		BACCB3DC291EC693004B65EC /* Manager.swift in Sources */ = {isa = PBXBuildFile; fileRef = BACCB3DB291EC693004B65EC /* Manager.swift */; };
		BACCB3DE291ECB41004B65EC /* Color+Random.swift in Sources */ = {isa = PBXBuildFile; fileRef = BACCB3DD291ECB41004B65EC /* Color+Random.swift */; };
		BACCB3E0291ECDB1004B65EC /* CapsuleRow.swift in Sources */ = {isa = PBXBuildFile; fileRef = BACCB3DF291ECDB1004B65EC /* CapsuleRow.swift */; };
		BAF76FDF2925BF2C00F4A641 /* BubbleView.swift in Sources */ = {isa = PBXBuildFile; fileRef = BAF76FDE2925BF2C00F4A641 /* BubbleView.swift */; };
/* End PBXBuildFile section */

/* Begin PBXContainerItemProxy section */
		BACCB3B4291EBEE4004B65EC /* PBXContainerItemProxy */ = {
			isa = PBXContainerItemProxy;
			containerPortal = BACCB39B291EBEE2004B65EC /* Project object */;
			proxyType = 1;
			remoteGlobalIDString = BACCB3A2291EBEE2004B65EC;
			remoteInfo = Scry;
		};
		BACCB3BE291EBEE4004B65EC /* PBXContainerItemProxy */ = {
			isa = PBXContainerItemProxy;
			containerPortal = BACCB39B291EBEE2004B65EC /* Project object */;
			proxyType = 1;
			remoteGlobalIDString = BACCB3A2291EBEE2004B65EC;
			remoteInfo = Scry;
		};
/* End PBXContainerItemProxy section */

/* Begin PBXFileReference section */
		257297D8292C501700E6FF05 /* FactionEditSheet.swift */ = {isa = PBXFileReference; lastKnownFileType = sourcecode.swift; path = FactionEditSheet.swift; sourceTree = "<group>"; };
		257297DA292C523D00E6FF05 /* ItemEditSheet.swift */ = {isa = PBXFileReference; lastKnownFileType = sourcecode.swift; path = ItemEditSheet.swift; sourceTree = "<group>"; };
		257297DC292C572600E6FF05 /* LocationEditSheet.swift */ = {isa = PBXFileReference; lastKnownFileType = sourcecode.swift; path = LocationEditSheet.swift; sourceTree = "<group>"; };
		257297DE292D6D2D00E6FF05 /* BubbleCapsule.swift */ = {isa = PBXFileReference; lastKnownFileType = sourcecode.swift; path = BubbleCapsule.swift; sourceTree = "<group>"; };
		257297E0292D7E6000E6FF05 /* PhotoPickerView.swift */ = {isa = PBXFileReference; lastKnownFileType = sourcecode.swift; path = PhotoPickerView.swift; sourceTree = "<group>"; };
		257297E7292E8FFF00E6FF05 /* MapView.swift */ = {isa = PBXFileReference; lastKnownFileType = sourcecode.swift; path = MapView.swift; sourceTree = "<group>"; };
		25CE8ACC292AF3CF0041394F /* BubbleEditSheet.swift */ = {isa = PBXFileReference; lastKnownFileType = sourcecode.swift; path = BubbleEditSheet.swift; sourceTree = "<group>"; };
		25CE8ACE292AF85F0041394F /* Color+Components.swift */ = {isa = PBXFileReference; lastKnownFileType = sourcecode.swift; path = "Color+Components.swift"; sourceTree = "<group>"; };
		25CE8AD2292AFBA50041394F /* CharacterEditSheet.swift */ = {isa = PBXFileReference; lastKnownFileType = sourcecode.swift; path = CharacterEditSheet.swift; sourceTree = "<group>"; };
		25CE8AD4292AFF9E0041394F /* DisplayElementButton.swift */ = {isa = PBXFileReference; lastKnownFileType = sourcecode.swift; path = DisplayElementButton.swift; sourceTree = "<group>"; };
		25CE8AD7292B2F1A0041394F /* Bubbles.xcdatamodel */ = {isa = PBXFileReference; lastKnownFileType = wrapper.xcdatamodel; path = Bubbles.xcdatamodel; sourceTree = "<group>"; };
		BA06BDC1293504BB00A1F497 /* ZoomingScrollView.swift */ = {isa = PBXFileReference; lastKnownFileType = sourcecode.swift; path = ZoomingScrollView.swift; sourceTree = "<group>"; };
		BA06BDC329351A1200A1F497 /* MapMenu.swift */ = {isa = PBXFileReference; lastKnownFileType = sourcecode.swift; path = MapMenu.swift; sourceTree = "<group>"; };
		BA15DAD3293ED46D006646F9 /* SelectionBubbleList.swift */ = {isa = PBXFileReference; lastKnownFileType = sourcecode.swift; path = SelectionBubbleList.swift; sourceTree = "<group>"; };
		BA15DAD5293EE3F5006646F9 /* UnknownBubbleView.swift */ = {isa = PBXFileReference; lastKnownFileType = sourcecode.swift; path = UnknownBubbleView.swift; sourceTree = "<group>"; };
		BA1A71F62942A9A900D44B2F /* DrawnCircleView.swift */ = {isa = PBXFileReference; lastKnownFileType = sourcecode.swift; path = DrawnCircleView.swift; sourceTree = "<group>"; };
		BA1A71F82942AC7100D44B2F /* Map+Erase.swift */ = {isa = PBXFileReference; lastKnownFileType = sourcecode.swift; path = "Map+Erase.swift"; sourceTree = "<group>"; };
		BA1D4BE329244A340017C9C9 /* BubbleList.swift */ = {isa = PBXFileReference; lastKnownFileType = sourcecode.swift; path = BubbleList.swift; sourceTree = "<group>"; };
		BA1D4BEB292453110017C9C9 /* CharacterView.swift */ = {isa = PBXFileReference; lastKnownFileType = sourcecode.swift; path = CharacterView.swift; sourceTree = "<group>"; };
		BA1D4BED292453FF0017C9C9 /* FactionView.swift */ = {isa = PBXFileReference; lastKnownFileType = sourcecode.swift; path = FactionView.swift; sourceTree = "<group>"; };
		BA1D4BEF292454430017C9C9 /* ItemView.swift */ = {isa = PBXFileReference; lastKnownFileType = sourcecode.swift; path = ItemView.swift; sourceTree = "<group>"; };
		BA1D4BF1292454630017C9C9 /* LocationView.swift */ = {isa = PBXFileReference; lastKnownFileType = sourcecode.swift; path = LocationView.swift; sourceTree = "<group>"; };
		BA1D4BF52924566F0017C9C9 /* Color+Bubble.swift */ = {isa = PBXFileReference; lastKnownFileType = sourcecode.swift; path = "Color+Bubble.swift"; sourceTree = "<group>"; };
		BA20869D29440F3000178BA8 /* CoreData+Convenience.swift */ = {isa = PBXFileReference; lastKnownFileType = sourcecode.swift; path = "CoreData+Convenience.swift"; sourceTree = "<group>"; };
		BA3CF0A5293525FD005753BE /* MainView.swift */ = {isa = PBXFileReference; lastKnownFileType = sourcecode.swift; path = MainView.swift; sourceTree = "<group>"; };
		BA3CF0A9293529DC005753BE /* AddMapSheet.swift */ = {isa = PBXFileReference; lastKnownFileType = sourcecode.swift; path = AddMapSheet.swift; sourceTree = "<group>"; };
		BA3CF0AB29353088005753BE /* OptionsSheet.swift */ = {isa = PBXFileReference; lastKnownFileType = sourcecode.swift; path = OptionsSheet.swift; sourceTree = "<group>"; };
		BA49669C29384B7600CB2E44 /* NewBubbleSheet.swift */ = {isa = PBXFileReference; lastKnownFileType = sourcecode.swift; path = NewBubbleSheet.swift; sourceTree = "<group>"; };
		BA6A876D2937F89A003A8F9B /* Color+Standards.swift */ = {isa = PBXFileReference; lastKnownFileType = sourcecode.swift; path = "Color+Standards.swift"; sourceTree = "<group>"; };
		BA6A876F29380886003A8F9B /* GestureMapView.swift */ = {isa = PBXFileReference; lastKnownFileType = sourcecode.swift; path = GestureMapView.swift; sourceTree = "<group>"; };
		BA6C0C73293A782600756894 /* Bubble+Validate.swift */ = {isa = PBXFileReference; lastKnownFileType = sourcecode.swift; path = "Bubble+Validate.swift"; sourceTree = "<group>"; };
		BAA0785D29426C3A00B3BDF2 /* GestureBubbleCapsule.swift */ = {isa = PBXFileReference; lastKnownFileType = sourcecode.swift; path = GestureBubbleCapsule.swift; sourceTree = "<group>"; };
		BAB25FB2294537F300ED7E83 /* CapsuleGrid.swift */ = {isa = PBXFileReference; lastKnownFileType = sourcecode.swift; path = CapsuleGrid.swift; sourceTree = "<group>"; };
		BAB25FB42945554000ED7E83 /* ClosableSheet.swift */ = {isa = PBXFileReference; lastKnownFileType = sourcecode.swift; path = ClosableSheet.swift; sourceTree = "<group>"; };
		BAB582FE29450DD800E8C5E5 /* ToolbarMapView.swift */ = {isa = PBXFileReference; lastKnownFileType = sourcecode.swift; path = ToolbarMapView.swift; sourceTree = "<group>"; };
		BACCB3A3291EBEE2004B65EC /* Scry.app */ = {isa = PBXFileReference; explicitFileType = wrapper.application; includeInIndex = 0; path = Scry.app; sourceTree = BUILT_PRODUCTS_DIR; };
		BACCB3A6291EBEE2004B65EC /* ScryApp.swift */ = {isa = PBXFileReference; lastKnownFileType = sourcecode.swift; path = ScryApp.swift; sourceTree = "<group>"; };
		BACCB3AA291EBEE3004B65EC /* Assets.xcassets */ = {isa = PBXFileReference; lastKnownFileType = folder.assetcatalog; path = Assets.xcassets; sourceTree = "<group>"; };
		BACCB3AD291EBEE3004B65EC /* Preview Assets.xcassets */ = {isa = PBXFileReference; lastKnownFileType = folder.assetcatalog; path = "Preview Assets.xcassets"; sourceTree = "<group>"; };
		BACCB3B3291EBEE4004B65EC /* ScryTests.xctest */ = {isa = PBXFileReference; explicitFileType = wrapper.cfbundle; includeInIndex = 0; path = ScryTests.xctest; sourceTree = BUILT_PRODUCTS_DIR; };
		BACCB3B7291EBEE4004B65EC /* ScryTests.swift */ = {isa = PBXFileReference; lastKnownFileType = sourcecode.swift; path = ScryTests.swift; sourceTree = "<group>"; };
		BACCB3BD291EBEE4004B65EC /* ScryUITests.xctest */ = {isa = PBXFileReference; explicitFileType = wrapper.cfbundle; includeInIndex = 0; path = ScryUITests.xctest; sourceTree = BUILT_PRODUCTS_DIR; };
		BACCB3C1291EBEE4004B65EC /* ScryUITests.swift */ = {isa = PBXFileReference; lastKnownFileType = sourcecode.swift; path = ScryUITests.swift; sourceTree = "<group>"; };
		BACCB3C3291EBEE4004B65EC /* ScryUITestsLaunchTests.swift */ = {isa = PBXFileReference; lastKnownFileType = sourcecode.swift; path = ScryUITestsLaunchTests.swift; sourceTree = "<group>"; };
		BACCB3D1291EBF68004B65EC /* LinkedBubbleCapsule.swift */ = {isa = PBXFileReference; lastKnownFileType = sourcecode.swift; path = LinkedBubbleCapsule.swift; sourceTree = "<group>"; };
		BACCB3D8291EC43C004B65EC /* MultilineTextInput.swift */ = {isa = PBXFileReference; lastKnownFileType = sourcecode.swift; path = MultilineTextInput.swift; sourceTree = "<group>"; };
		BACCB3DB291EC693004B65EC /* Manager.swift */ = {isa = PBXFileReference; lastKnownFileType = sourcecode.swift; path = Manager.swift; sourceTree = "<group>"; };
		BACCB3DD291ECB41004B65EC /* Color+Random.swift */ = {isa = PBXFileReference; lastKnownFileType = sourcecode.swift; path = "Color+Random.swift"; sourceTree = "<group>"; };
		BACCB3DF291ECDB1004B65EC /* CapsuleRow.swift */ = {isa = PBXFileReference; lastKnownFileType = sourcecode.swift; path = CapsuleRow.swift; sourceTree = "<group>"; };
		BAF76FDE2925BF2C00F4A641 /* BubbleView.swift */ = {isa = PBXFileReference; lastKnownFileType = sourcecode.swift; path = BubbleView.swift; sourceTree = "<group>"; };
/* End PBXFileReference section */

/* Begin PBXFrameworksBuildPhase section */
		BACCB3A0291EBEE2004B65EC /* Frameworks */ = {
			isa = PBXFrameworksBuildPhase;
			buildActionMask = 2147483647;
			files = (
			);
			runOnlyForDeploymentPostprocessing = 0;
		};
		BACCB3B0291EBEE4004B65EC /* Frameworks */ = {
			isa = PBXFrameworksBuildPhase;
			buildActionMask = 2147483647;
			files = (
			);
			runOnlyForDeploymentPostprocessing = 0;
		};
		BACCB3BA291EBEE4004B65EC /* Frameworks */ = {
			isa = PBXFrameworksBuildPhase;
			buildActionMask = 2147483647;
			files = (
			);
			runOnlyForDeploymentPostprocessing = 0;
		};
/* End PBXFrameworksBuildPhase section */

/* Begin PBXGroup section */
		257297E4292E8F9F00E6FF05 /* Details */ = {
			isa = PBXGroup;
			children = (
				BAF76FDE2925BF2C00F4A641 /* BubbleView.swift */,
				BA1D4BEB292453110017C9C9 /* CharacterView.swift */,
				BA1D4BED292453FF0017C9C9 /* FactionView.swift */,
				BA1D4BEF292454430017C9C9 /* ItemView.swift */,
				BA1D4BF1292454630017C9C9 /* LocationView.swift */,
				BA15DAD5293EE3F5006646F9 /* UnknownBubbleView.swift */,
			);
			path = Details;
			sourceTree = "<group>";
		};
		257297E5292E8FE300E6FF05 /* Maps */ = {
			isa = PBXGroup;
			children = (
				BA1A71F62942A9A900D44B2F /* DrawnCircleView.swift */,
				BA06BDC1293504BB00A1F497 /* ZoomingScrollView.swift */,
				257297E7292E8FFF00E6FF05 /* MapView.swift */,
				BA6A876F29380886003A8F9B /* GestureMapView.swift */,
				BAB582FE29450DD800E8C5E5 /* ToolbarMapView.swift */,
				BA06BDC329351A1200A1F497 /* MapMenu.swift */,
				BA3CF0A9293529DC005753BE /* AddMapSheet.swift */,
				BA3CF0AB29353088005753BE /* OptionsSheet.swift */,
				BA49669C29384B7600CB2E44 /* NewBubbleSheet.swift */,
			);
			path = Maps;
			sourceTree = "<group>";
		};
		25CE8ACB292AF3B80041394F /* EditSheets */ = {
			isa = PBXGroup;
			children = (
				25CE8ACC292AF3CF0041394F /* BubbleEditSheet.swift */,
				25CE8AD2292AFBA50041394F /* CharacterEditSheet.swift */,
				257297D8292C501700E6FF05 /* FactionEditSheet.swift */,
				257297DA292C523D00E6FF05 /* ItemEditSheet.swift */,
				257297DC292C572600E6FF05 /* LocationEditSheet.swift */,
				25CE8AD4292AFF9E0041394F /* DisplayElementButton.swift */,
			);
			path = EditSheets;
			sourceTree = "<group>";
		};
		BA1D4BE7292452810017C9C9 /* Bubbles */ = {
			isa = PBXGroup;
			children = (
				25CE8ACB292AF3B80041394F /* EditSheets */,
				BA1D4BEA292452E10017C9C9 /* Supporting */,
				257297E4292E8F9F00E6FF05 /* Details */,
				BA1D4BE329244A340017C9C9 /* BubbleList.swift */,
				BA15DAD3293ED46D006646F9 /* SelectionBubbleList.swift */,
			);
			path = Bubbles;
			sourceTree = "<group>";
		};
		BA1D4BEA292452E10017C9C9 /* Supporting */ = {
			isa = PBXGroup;
			children = (
				BACCB3D8291EC43C004B65EC /* MultilineTextInput.swift */,
				BACCB3D1291EBF68004B65EC /* LinkedBubbleCapsule.swift */,
				BACCB3DF291ECDB1004B65EC /* CapsuleRow.swift */,
				257297DE292D6D2D00E6FF05 /* BubbleCapsule.swift */,
				BAA0785D29426C3A00B3BDF2 /* GestureBubbleCapsule.swift */,
				257297E0292D7E6000E6FF05 /* PhotoPickerView.swift */,
				BAB25FB2294537F300ED7E83 /* CapsuleGrid.swift */,
				BAB25FB42945554000ED7E83 /* ClosableSheet.swift */,
			);
			path = Supporting;
			sourceTree = "<group>";
		};
		BACCB39A291EBEE2004B65EC = {
			isa = PBXGroup;
			children = (
				BACCB3A5291EBEE2004B65EC /* Scry */,
				BACCB3B6291EBEE4004B65EC /* ScryTests */,
				BACCB3C0291EBEE4004B65EC /* ScryUITests */,
				BACCB3A4291EBEE2004B65EC /* Products */,
			);
			sourceTree = "<group>";
		};
		BACCB3A4291EBEE2004B65EC /* Products */ = {
			isa = PBXGroup;
			children = (
				BACCB3A3291EBEE2004B65EC /* Scry.app */,
				BACCB3B3291EBEE4004B65EC /* ScryTests.xctest */,
				BACCB3BD291EBEE4004B65EC /* ScryUITests.xctest */,
			);
			name = Products;
			sourceTree = "<group>";
		};
		BACCB3A5291EBEE2004B65EC /* Scry */ = {
			isa = PBXGroup;
			children = (
				BACCB3D5291EC106004B65EC /* Model */,
				BACCB3DA291EC67A004B65EC /* ViewModel */,
				BACCB3D0291EBF4A004B65EC /* Views */,
				BACCB3A6291EBEE2004B65EC /* ScryApp.swift */,
				BACCB3AA291EBEE3004B65EC /* Assets.xcassets */,
				BACCB3AC291EBEE3004B65EC /* Preview Content */,
			);
			path = Scry;
			sourceTree = "<group>";
		};
		BACCB3AC291EBEE3004B65EC /* Preview Content */ = {
			isa = PBXGroup;
			children = (
				BACCB3AD291EBEE3004B65EC /* Preview Assets.xcassets */,
			);
			path = "Preview Content";
			sourceTree = "<group>";
		};
		BACCB3B6291EBEE4004B65EC /* ScryTests */ = {
			isa = PBXGroup;
			children = (
				BACCB3B7291EBEE4004B65EC /* ScryTests.swift */,
			);
			path = ScryTests;
			sourceTree = "<group>";
		};
		BACCB3C0291EBEE4004B65EC /* ScryUITests */ = {
			isa = PBXGroup;
			children = (
				BACCB3C1291EBEE4004B65EC /* ScryUITests.swift */,
				BACCB3C3291EBEE4004B65EC /* ScryUITestsLaunchTests.swift */,
			);
			path = ScryUITests;
			sourceTree = "<group>";
		};
		BACCB3D0291EBF4A004B65EC /* Views */ = {
			isa = PBXGroup;
			children = (
				BA1D4BE7292452810017C9C9 /* Bubbles */,
				257297E5292E8FE300E6FF05 /* Maps */,
				BA3CF0A5293525FD005753BE /* MainView.swift */,
			);
			path = Views;
			sourceTree = "<group>";
		};
		BACCB3D5291EC106004B65EC /* Model */ = {
			isa = PBXGroup;
			children = (
				25CE8AD6292B2F1A0041394F /* Bubbles.xcdatamodeld */,
				BA6C0C73293A782600756894 /* Bubble+Validate.swift */,
				BA1A71F82942AC7100D44B2F /* Map+Erase.swift */,
				BA20869D29440F3000178BA8 /* CoreData+Convenience.swift */,
			);
			path = Model;
			sourceTree = "<group>";
		};
		BACCB3DA291EC67A004B65EC /* ViewModel */ = {
			isa = PBXGroup;
			children = (
				BACCB3DB291EC693004B65EC /* Manager.swift */,
				BACCB3DD291ECB41004B65EC /* Color+Random.swift */,
				BA1D4BF52924566F0017C9C9 /* Color+Bubble.swift */,
				25CE8ACE292AF85F0041394F /* Color+Components.swift */,
				BA6A876D2937F89A003A8F9B /* Color+Standards.swift */,
			);
			path = ViewModel;
			sourceTree = "<group>";
		};
/* End PBXGroup section */

/* Begin PBXNativeTarget section */
		BACCB3A2291EBEE2004B65EC /* Scry */ = {
			isa = PBXNativeTarget;
			buildConfigurationList = BACCB3C7291EBEE4004B65EC /* Build configuration list for PBXNativeTarget "Scry" */;
			buildPhases = (
				BACCB39F291EBEE2004B65EC /* Sources */,
				BACCB3A0291EBEE2004B65EC /* Frameworks */,
				BACCB3A1291EBEE2004B65EC /* Resources */,
			);
			buildRules = (
			);
			dependencies = (
			);
			name = Scry;
			productName = Scry;
			productReference = BACCB3A3291EBEE2004B65EC /* Scry.app */;
			productType = "com.apple.product-type.application";
		};
		BACCB3B2291EBEE4004B65EC /* ScryTests */ = {
			isa = PBXNativeTarget;
			buildConfigurationList = BACCB3CA291EBEE4004B65EC /* Build configuration list for PBXNativeTarget "ScryTests" */;
			buildPhases = (
				BACCB3AF291EBEE4004B65EC /* Sources */,
				BACCB3B0291EBEE4004B65EC /* Frameworks */,
				BACCB3B1291EBEE4004B65EC /* Resources */,
			);
			buildRules = (
			);
			dependencies = (
				BACCB3B5291EBEE4004B65EC /* PBXTargetDependency */,
			);
			name = ScryTests;
			productName = ScryTests;
			productReference = BACCB3B3291EBEE4004B65EC /* ScryTests.xctest */;
			productType = "com.apple.product-type.bundle.unit-test";
		};
		BACCB3BC291EBEE4004B65EC /* ScryUITests */ = {
			isa = PBXNativeTarget;
			buildConfigurationList = BACCB3CD291EBEE4004B65EC /* Build configuration list for PBXNativeTarget "ScryUITests" */;
			buildPhases = (
				BACCB3B9291EBEE4004B65EC /* Sources */,
				BACCB3BA291EBEE4004B65EC /* Frameworks */,
				BACCB3BB291EBEE4004B65EC /* Resources */,
			);
			buildRules = (
			);
			dependencies = (
				BACCB3BF291EBEE4004B65EC /* PBXTargetDependency */,
			);
			name = ScryUITests;
			productName = ScryUITests;
			productReference = BACCB3BD291EBEE4004B65EC /* ScryUITests.xctest */;
			productType = "com.apple.product-type.bundle.ui-testing";
		};
/* End PBXNativeTarget section */

/* Begin PBXProject section */
		BACCB39B291EBEE2004B65EC /* Project object */ = {
			isa = PBXProject;
			attributes = {
				BuildIndependentTargetsInParallel = 1;
				LastSwiftUpdateCheck = 1400;
				LastUpgradeCheck = 1400;
				TargetAttributes = {
					BACCB3A2291EBEE2004B65EC = {
						CreatedOnToolsVersion = 14.0;
					};
					BACCB3B2291EBEE4004B65EC = {
						CreatedOnToolsVersion = 14.0;
						TestTargetID = BACCB3A2291EBEE2004B65EC;
					};
					BACCB3BC291EBEE4004B65EC = {
						CreatedOnToolsVersion = 14.0;
						TestTargetID = BACCB3A2291EBEE2004B65EC;
					};
				};
			};
			buildConfigurationList = BACCB39E291EBEE2004B65EC /* Build configuration list for PBXProject "Scry" */;
			compatibilityVersion = "Xcode 14.0";
			developmentRegion = en;
			hasScannedForEncodings = 0;
			knownRegions = (
				en,
				Base,
			);
			mainGroup = BACCB39A291EBEE2004B65EC;
			productRefGroup = BACCB3A4291EBEE2004B65EC /* Products */;
			projectDirPath = "";
			projectRoot = "";
			targets = (
				BACCB3A2291EBEE2004B65EC /* Scry */,
				BACCB3B2291EBEE4004B65EC /* ScryTests */,
				BACCB3BC291EBEE4004B65EC /* ScryUITests */,
			);
		};
/* End PBXProject section */

/* Begin PBXResourcesBuildPhase section */
		BACCB3A1291EBEE2004B65EC /* Resources */ = {
			isa = PBXResourcesBuildPhase;
			buildActionMask = 2147483647;
			files = (
				BACCB3AE291EBEE3004B65EC /* Preview Assets.xcassets in Resources */,
				BACCB3AB291EBEE3004B65EC /* Assets.xcassets in Resources */,
			);
			runOnlyForDeploymentPostprocessing = 0;
		};
		BACCB3B1291EBEE4004B65EC /* Resources */ = {
			isa = PBXResourcesBuildPhase;
			buildActionMask = 2147483647;
			files = (
			);
			runOnlyForDeploymentPostprocessing = 0;
		};
		BACCB3BB291EBEE4004B65EC /* Resources */ = {
			isa = PBXResourcesBuildPhase;
			buildActionMask = 2147483647;
			files = (
			);
			runOnlyForDeploymentPostprocessing = 0;
		};
/* End PBXResourcesBuildPhase section */

/* Begin PBXSourcesBuildPhase section */
		BACCB39F291EBEE2004B65EC /* Sources */ = {
			isa = PBXSourcesBuildPhase;
			buildActionMask = 2147483647;
			files = (
				257297DB292C523D00E6FF05 /* ItemEditSheet.swift in Sources */,
				BACCB3E0291ECDB1004B65EC /* CapsuleRow.swift in Sources */,
				BA06BDC429351A1200A1F497 /* MapMenu.swift in Sources */,
				BAF76FDF2925BF2C00F4A641 /* BubbleView.swift in Sources */,
				BA06BDC2293504BB00A1F497 /* ZoomingScrollView.swift in Sources */,
				25CE8AD8292B2F1B0041394F /* Bubbles.xcdatamodeld in Sources */,
				BACCB3DE291ECB41004B65EC /* Color+Random.swift in Sources */,
				BA6A876E2937F89A003A8F9B /* Color+Standards.swift in Sources */,
				BA6C0C74293A782600756894 /* Bubble+Validate.swift in Sources */,
				BA49669D29384B7600CB2E44 /* NewBubbleSheet.swift in Sources */,
				BA1D4BE429244A340017C9C9 /* BubbleList.swift in Sources */,
				BA1D4BEC292453110017C9C9 /* CharacterView.swift in Sources */,
				257297E1292D7E6000E6FF05 /* PhotoPickerView.swift in Sources */,
				BACCB3DC291EC693004B65EC /* Manager.swift in Sources */,
				25CE8AD3292AFBA50041394F /* CharacterEditSheet.swift in Sources */,
				BAB582FF29450DD800E8C5E5 /* ToolbarMapView.swift in Sources */,
				BA15DAD6293EE3F5006646F9 /* UnknownBubbleView.swift in Sources */,
				25CE8ACD292AF3CF0041394F /* BubbleEditSheet.swift in Sources */,
				BAB25FB52945554000ED7E83 /* ClosableSheet.swift in Sources */,
				BAA0785E29426C3A00B3BDF2 /* GestureBubbleCapsule.swift in Sources */,
				BA3CF0AA293529DC005753BE /* AddMapSheet.swift in Sources */,
				BACCB3D2291EBF68004B65EC /* LinkedBubbleCapsule.swift in Sources */,
				257297E8292E8FFF00E6FF05 /* MapView.swift in Sources */,
				BA1A71F72942A9A900D44B2F /* DrawnCircleView.swift in Sources */,
				BA20869E29440F3000178BA8 /* CoreData+Convenience.swift in Sources */,
				25CE8ACF292AF85F0041394F /* Color+Components.swift in Sources */,
				BA1A71F92942AC7100D44B2F /* Map+Erase.swift in Sources */,
				25CE8AD5292AFF9E0041394F /* DisplayElementButton.swift in Sources */,
				257297DD292C572600E6FF05 /* LocationEditSheet.swift in Sources */,
				257297DF292D6D2D00E6FF05 /* BubbleCapsule.swift in Sources */,
				BA1D4BEE292453FF0017C9C9 /* FactionView.swift in Sources */,
				257297D9292C501700E6FF05 /* FactionEditSheet.swift in Sources */,
				BA6A877029380886003A8F9B /* GestureMapView.swift in Sources */,
				BA1D4BF62924566F0017C9C9 /* Color+Bubble.swift in Sources */,
				BA3CF0A6293525FD005753BE /* MainView.swift in Sources */,
				BA3CF0AC29353088005753BE /* OptionsSheet.swift in Sources */,
				BAB25FB3294537F300ED7E83 /* CapsuleGrid.swift in Sources */,
				BACCB3D9291EC43C004B65EC /* MultilineTextInput.swift in Sources */,
				BA1D4BF0292454430017C9C9 /* ItemView.swift in Sources */,
				BACCB3A7291EBEE2004B65EC /* ScryApp.swift in Sources */,
				BA15DAD4293ED46D006646F9 /* SelectionBubbleList.swift in Sources */,
				BA1D4BF2292454630017C9C9 /* LocationView.swift in Sources */,
			);
			runOnlyForDeploymentPostprocessing = 0;
		};
		BACCB3AF291EBEE4004B65EC /* Sources */ = {
			isa = PBXSourcesBuildPhase;
			buildActionMask = 2147483647;
			files = (
				BACCB3B8291EBEE4004B65EC /* ScryTests.swift in Sources */,
			);
			runOnlyForDeploymentPostprocessing = 0;
		};
		BACCB3B9291EBEE4004B65EC /* Sources */ = {
			isa = PBXSourcesBuildPhase;
			buildActionMask = 2147483647;
			files = (
				BACCB3C2291EBEE4004B65EC /* ScryUITests.swift in Sources */,
				BACCB3C4291EBEE4004B65EC /* ScryUITestsLaunchTests.swift in Sources */,
			);
			runOnlyForDeploymentPostprocessing = 0;
		};
/* End PBXSourcesBuildPhase section */

/* Begin PBXTargetDependency section */
		BACCB3B5291EBEE4004B65EC /* PBXTargetDependency */ = {
			isa = PBXTargetDependency;
			target = BACCB3A2291EBEE2004B65EC /* Scry */;
			targetProxy = BACCB3B4291EBEE4004B65EC /* PBXContainerItemProxy */;
		};
		BACCB3BF291EBEE4004B65EC /* PBXTargetDependency */ = {
			isa = PBXTargetDependency;
			target = BACCB3A2291EBEE2004B65EC /* Scry */;
			targetProxy = BACCB3BE291EBEE4004B65EC /* PBXContainerItemProxy */;
		};
/* End PBXTargetDependency section */

/* Begin XCBuildConfiguration section */
		BACCB3C5291EBEE4004B65EC /* Debug */ = {
			isa = XCBuildConfiguration;
			buildSettings = {
				ALWAYS_SEARCH_USER_PATHS = NO;
				CLANG_ANALYZER_NONNULL = YES;
				CLANG_ANALYZER_NUMBER_OBJECT_CONVERSION = YES_AGGRESSIVE;
				CLANG_CXX_LANGUAGE_STANDARD = "gnu++20";
				CLANG_ENABLE_MODULES = YES;
				CLANG_ENABLE_OBJC_ARC = YES;
				CLANG_ENABLE_OBJC_WEAK = YES;
				CLANG_WARN_BLOCK_CAPTURE_AUTORELEASING = YES;
				CLANG_WARN_BOOL_CONVERSION = YES;
				CLANG_WARN_COMMA = YES;
				CLANG_WARN_CONSTANT_CONVERSION = YES;
				CLANG_WARN_DEPRECATED_OBJC_IMPLEMENTATIONS = YES;
				CLANG_WARN_DIRECT_OBJC_ISA_USAGE = YES_ERROR;
				CLANG_WARN_DOCUMENTATION_COMMENTS = YES;
				CLANG_WARN_EMPTY_BODY = YES;
				CLANG_WARN_ENUM_CONVERSION = YES;
				CLANG_WARN_INFINITE_RECURSION = YES;
				CLANG_WARN_INT_CONVERSION = YES;
				CLANG_WARN_NON_LITERAL_NULL_CONVERSION = YES;
				CLANG_WARN_OBJC_IMPLICIT_RETAIN_SELF = YES;
				CLANG_WARN_OBJC_LITERAL_CONVERSION = YES;
				CLANG_WARN_OBJC_ROOT_CLASS = YES_ERROR;
				CLANG_WARN_QUOTED_INCLUDE_IN_FRAMEWORK_HEADER = YES;
				CLANG_WARN_RANGE_LOOP_ANALYSIS = YES;
				CLANG_WARN_STRICT_PROTOTYPES = YES;
				CLANG_WARN_SUSPICIOUS_MOVE = YES;
				CLANG_WARN_UNGUARDED_AVAILABILITY = YES_AGGRESSIVE;
				CLANG_WARN_UNREACHABLE_CODE = YES;
				CLANG_WARN__DUPLICATE_METHOD_MATCH = YES;
				COPY_PHASE_STRIP = NO;
				DEBUG_INFORMATION_FORMAT = dwarf;
				ENABLE_STRICT_OBJC_MSGSEND = YES;
				ENABLE_TESTABILITY = YES;
				GCC_C_LANGUAGE_STANDARD = gnu11;
				GCC_DYNAMIC_NO_PIC = NO;
				GCC_NO_COMMON_BLOCKS = YES;
				GCC_OPTIMIZATION_LEVEL = 0;
				GCC_PREPROCESSOR_DEFINITIONS = (
					"DEBUG=1",
					"$(inherited)",
				);
				GCC_WARN_64_TO_32_BIT_CONVERSION = YES;
				GCC_WARN_ABOUT_RETURN_TYPE = YES_ERROR;
				GCC_WARN_UNDECLARED_SELECTOR = YES;
				GCC_WARN_UNINITIALIZED_AUTOS = YES_AGGRESSIVE;
				GCC_WARN_UNUSED_FUNCTION = YES;
				GCC_WARN_UNUSED_VARIABLE = YES;
				IPHONEOS_DEPLOYMENT_TARGET = 16.0;
				MTL_ENABLE_DEBUG_INFO = INCLUDE_SOURCE;
				MTL_FAST_MATH = YES;
				ONLY_ACTIVE_ARCH = YES;
				SDKROOT = iphoneos;
				SWIFT_ACTIVE_COMPILATION_CONDITIONS = DEBUG;
				SWIFT_OPTIMIZATION_LEVEL = "-Onone";
			};
			name = Debug;
		};
		BACCB3C6291EBEE4004B65EC /* Release */ = {
			isa = XCBuildConfiguration;
			buildSettings = {
				ALWAYS_SEARCH_USER_PATHS = NO;
				CLANG_ANALYZER_NONNULL = YES;
				CLANG_ANALYZER_NUMBER_OBJECT_CONVERSION = YES_AGGRESSIVE;
				CLANG_CXX_LANGUAGE_STANDARD = "gnu++20";
				CLANG_ENABLE_MODULES = YES;
				CLANG_ENABLE_OBJC_ARC = YES;
				CLANG_ENABLE_OBJC_WEAK = YES;
				CLANG_WARN_BLOCK_CAPTURE_AUTORELEASING = YES;
				CLANG_WARN_BOOL_CONVERSION = YES;
				CLANG_WARN_COMMA = YES;
				CLANG_WARN_CONSTANT_CONVERSION = YES;
				CLANG_WARN_DEPRECATED_OBJC_IMPLEMENTATIONS = YES;
				CLANG_WARN_DIRECT_OBJC_ISA_USAGE = YES_ERROR;
				CLANG_WARN_DOCUMENTATION_COMMENTS = YES;
				CLANG_WARN_EMPTY_BODY = YES;
				CLANG_WARN_ENUM_CONVERSION = YES;
				CLANG_WARN_INFINITE_RECURSION = YES;
				CLANG_WARN_INT_CONVERSION = YES;
				CLANG_WARN_NON_LITERAL_NULL_CONVERSION = YES;
				CLANG_WARN_OBJC_IMPLICIT_RETAIN_SELF = YES;
				CLANG_WARN_OBJC_LITERAL_CONVERSION = YES;
				CLANG_WARN_OBJC_ROOT_CLASS = YES_ERROR;
				CLANG_WARN_QUOTED_INCLUDE_IN_FRAMEWORK_HEADER = YES;
				CLANG_WARN_RANGE_LOOP_ANALYSIS = YES;
				CLANG_WARN_STRICT_PROTOTYPES = YES;
				CLANG_WARN_SUSPICIOUS_MOVE = YES;
				CLANG_WARN_UNGUARDED_AVAILABILITY = YES_AGGRESSIVE;
				CLANG_WARN_UNREACHABLE_CODE = YES;
				CLANG_WARN__DUPLICATE_METHOD_MATCH = YES;
				COPY_PHASE_STRIP = NO;
				DEBUG_INFORMATION_FORMAT = "dwarf-with-dsym";
				ENABLE_NS_ASSERTIONS = NO;
				ENABLE_STRICT_OBJC_MSGSEND = YES;
				GCC_C_LANGUAGE_STANDARD = gnu11;
				GCC_NO_COMMON_BLOCKS = YES;
				GCC_WARN_64_TO_32_BIT_CONVERSION = YES;
				GCC_WARN_ABOUT_RETURN_TYPE = YES_ERROR;
				GCC_WARN_UNDECLARED_SELECTOR = YES;
				GCC_WARN_UNINITIALIZED_AUTOS = YES_AGGRESSIVE;
				GCC_WARN_UNUSED_FUNCTION = YES;
				GCC_WARN_UNUSED_VARIABLE = YES;
				IPHONEOS_DEPLOYMENT_TARGET = 16.0;
				MTL_ENABLE_DEBUG_INFO = NO;
				MTL_FAST_MATH = YES;
				SDKROOT = iphoneos;
				SWIFT_COMPILATION_MODE = wholemodule;
				SWIFT_OPTIMIZATION_LEVEL = "-O";
				VALIDATE_PRODUCT = YES;
			};
			name = Release;
		};
		BACCB3C8291EBEE4004B65EC /* Debug */ = {
			isa = XCBuildConfiguration;
			buildSettings = {
				ASSETCATALOG_COMPILER_APPICON_NAME = AppIcon;
				ASSETCATALOG_COMPILER_GLOBAL_ACCENT_COLOR_NAME = AccentColor;
				CODE_SIGN_STYLE = Automatic;
				CURRENT_PROJECT_VERSION = 1;
				DEVELOPMENT_ASSET_PATHS = "\"Scry/Preview Content\"";
				DEVELOPMENT_TEAM = KWNX9MKVPU;
				ENABLE_PREVIEWS = YES;
				GENERATE_INFOPLIST_FILE = YES;
				INFOPLIST_KEY_UIApplicationSceneManifest_Generation = YES;
				INFOPLIST_KEY_UIApplicationSupportsIndirectInputEvents = YES;
				INFOPLIST_KEY_UILaunchScreen_Generation = YES;
				INFOPLIST_KEY_UISupportedInterfaceOrientations_iPad = "UIInterfaceOrientationPortrait UIInterfaceOrientationPortraitUpsideDown UIInterfaceOrientationLandscapeLeft UIInterfaceOrientationLandscapeRight";
				INFOPLIST_KEY_UISupportedInterfaceOrientations_iPhone = "UIInterfaceOrientationPortrait UIInterfaceOrientationLandscapeLeft UIInterfaceOrientationLandscapeRight";
				LD_RUNPATH_SEARCH_PATHS = (
					"$(inherited)",
					"@executable_path/Frameworks",
				);
				MARKETING_VERSION = 1.0;
				PRODUCT_BUNDLE_IDENTIFIER = edu.psu.drs5972.Scry;
				PRODUCT_NAME = "$(TARGET_NAME)";
				SWIFT_EMIT_LOC_STRINGS = YES;
				SWIFT_VERSION = 5.0;
				TARGETED_DEVICE_FAMILY = "1,2";
			};
			name = Debug;
		};
		BACCB3C9291EBEE4004B65EC /* Release */ = {
			isa = XCBuildConfiguration;
			buildSettings = {
				ASSETCATALOG_COMPILER_APPICON_NAME = AppIcon;
				ASSETCATALOG_COMPILER_GLOBAL_ACCENT_COLOR_NAME = AccentColor;
				CODE_SIGN_STYLE = Automatic;
				CURRENT_PROJECT_VERSION = 1;
				DEVELOPMENT_ASSET_PATHS = "\"Scry/Preview Content\"";
				DEVELOPMENT_TEAM = KWNX9MKVPU;
				ENABLE_PREVIEWS = YES;
				GENERATE_INFOPLIST_FILE = YES;
				INFOPLIST_KEY_UIApplicationSceneManifest_Generation = YES;
				INFOPLIST_KEY_UIApplicationSupportsIndirectInputEvents = YES;
				INFOPLIST_KEY_UILaunchScreen_Generation = YES;
				INFOPLIST_KEY_UISupportedInterfaceOrientations_iPad = "UIInterfaceOrientationPortrait UIInterfaceOrientationPortraitUpsideDown UIInterfaceOrientationLandscapeLeft UIInterfaceOrientationLandscapeRight";
				INFOPLIST_KEY_UISupportedInterfaceOrientations_iPhone = "UIInterfaceOrientationPortrait UIInterfaceOrientationLandscapeLeft UIInterfaceOrientationLandscapeRight";
				LD_RUNPATH_SEARCH_PATHS = (
					"$(inherited)",
					"@executable_path/Frameworks",
				);
				MARKETING_VERSION = 1.0;
				PRODUCT_BUNDLE_IDENTIFIER = edu.psu.drs5972.Scry;
				PRODUCT_NAME = "$(TARGET_NAME)";
				SWIFT_EMIT_LOC_STRINGS = YES;
				SWIFT_VERSION = 5.0;
				TARGETED_DEVICE_FAMILY = "1,2";
			};
			name = Release;
		};
		BACCB3CB291EBEE4004B65EC /* Debug */ = {
			isa = XCBuildConfiguration;
			buildSettings = {
				ALWAYS_EMBED_SWIFT_STANDARD_LIBRARIES = YES;
				BUNDLE_LOADER = "$(TEST_HOST)";
				CODE_SIGN_STYLE = Automatic;
				CURRENT_PROJECT_VERSION = 1;
				GENERATE_INFOPLIST_FILE = YES;
				IPHONEOS_DEPLOYMENT_TARGET = 16.0;
				MARKETING_VERSION = 1.0;
				PRODUCT_BUNDLE_IDENTIFIER = edu.psu.drs5972.ScryTests;
				PRODUCT_NAME = "$(TARGET_NAME)";
				SWIFT_EMIT_LOC_STRINGS = NO;
				SWIFT_VERSION = 5.0;
				TARGETED_DEVICE_FAMILY = "1,2";
				TEST_HOST = "$(BUILT_PRODUCTS_DIR)/Scry.app/$(BUNDLE_EXECUTABLE_FOLDER_PATH)/Scry";
			};
			name = Debug;
		};
		BACCB3CC291EBEE4004B65EC /* Release */ = {
			isa = XCBuildConfiguration;
			buildSettings = {
				ALWAYS_EMBED_SWIFT_STANDARD_LIBRARIES = YES;
				BUNDLE_LOADER = "$(TEST_HOST)";
				CODE_SIGN_STYLE = Automatic;
				CURRENT_PROJECT_VERSION = 1;
				GENERATE_INFOPLIST_FILE = YES;
				IPHONEOS_DEPLOYMENT_TARGET = 16.0;
				MARKETING_VERSION = 1.0;
				PRODUCT_BUNDLE_IDENTIFIER = edu.psu.drs5972.ScryTests;
				PRODUCT_NAME = "$(TARGET_NAME)";
				SWIFT_EMIT_LOC_STRINGS = NO;
				SWIFT_VERSION = 5.0;
				TARGETED_DEVICE_FAMILY = "1,2";
				TEST_HOST = "$(BUILT_PRODUCTS_DIR)/Scry.app/$(BUNDLE_EXECUTABLE_FOLDER_PATH)/Scry";
			};
			name = Release;
		};
		BACCB3CE291EBEE4004B65EC /* Debug */ = {
			isa = XCBuildConfiguration;
			buildSettings = {
				ALWAYS_EMBED_SWIFT_STANDARD_LIBRARIES = YES;
				CODE_SIGN_STYLE = Automatic;
				CURRENT_PROJECT_VERSION = 1;
				GENERATE_INFOPLIST_FILE = YES;
				MARKETING_VERSION = 1.0;
				PRODUCT_BUNDLE_IDENTIFIER = edu.psu.drs5972.ScryUITests;
				PRODUCT_NAME = "$(TARGET_NAME)";
				SWIFT_EMIT_LOC_STRINGS = NO;
				SWIFT_VERSION = 5.0;
				TARGETED_DEVICE_FAMILY = "1,2";
				TEST_TARGET_NAME = Scry;
			};
			name = Debug;
		};
		BACCB3CF291EBEE4004B65EC /* Release */ = {
			isa = XCBuildConfiguration;
			buildSettings = {
				ALWAYS_EMBED_SWIFT_STANDARD_LIBRARIES = YES;
				CODE_SIGN_STYLE = Automatic;
				CURRENT_PROJECT_VERSION = 1;
				GENERATE_INFOPLIST_FILE = YES;
				MARKETING_VERSION = 1.0;
				PRODUCT_BUNDLE_IDENTIFIER = edu.psu.drs5972.ScryUITests;
				PRODUCT_NAME = "$(TARGET_NAME)";
				SWIFT_EMIT_LOC_STRINGS = NO;
				SWIFT_VERSION = 5.0;
				TARGETED_DEVICE_FAMILY = "1,2";
				TEST_TARGET_NAME = Scry;
			};
			name = Release;
		};
/* End XCBuildConfiguration section */

/* Begin XCConfigurationList section */
		BACCB39E291EBEE2004B65EC /* Build configuration list for PBXProject "Scry" */ = {
			isa = XCConfigurationList;
			buildConfigurations = (
				BACCB3C5291EBEE4004B65EC /* Debug */,
				BACCB3C6291EBEE4004B65EC /* Release */,
			);
			defaultConfigurationIsVisible = 0;
			defaultConfigurationName = Release;
		};
		BACCB3C7291EBEE4004B65EC /* Build configuration list for PBXNativeTarget "Scry" */ = {
			isa = XCConfigurationList;
			buildConfigurations = (
				BACCB3C8291EBEE4004B65EC /* Debug */,
				BACCB3C9291EBEE4004B65EC /* Release */,
			);
			defaultConfigurationIsVisible = 0;
			defaultConfigurationName = Release;
		};
		BACCB3CA291EBEE4004B65EC /* Build configuration list for PBXNativeTarget "ScryTests" */ = {
			isa = XCConfigurationList;
			buildConfigurations = (
				BACCB3CB291EBEE4004B65EC /* Debug */,
				BACCB3CC291EBEE4004B65EC /* Release */,
			);
			defaultConfigurationIsVisible = 0;
			defaultConfigurationName = Release;
		};
		BACCB3CD291EBEE4004B65EC /* Build configuration list for PBXNativeTarget "ScryUITests" */ = {
			isa = XCConfigurationList;
			buildConfigurations = (
				BACCB3CE291EBEE4004B65EC /* Debug */,
				BACCB3CF291EBEE4004B65EC /* Release */,
			);
			defaultConfigurationIsVisible = 0;
			defaultConfigurationName = Release;
		};
/* End XCConfigurationList section */

/* Begin XCVersionGroup section */
		25CE8AD6292B2F1A0041394F /* Bubbles.xcdatamodeld */ = {
			isa = XCVersionGroup;
			children = (
				25CE8AD7292B2F1A0041394F /* Bubbles.xcdatamodel */,
			);
			currentVersion = 25CE8AD7292B2F1A0041394F /* Bubbles.xcdatamodel */;
			path = Bubbles.xcdatamodeld;
			sourceTree = "<group>";
			versionGroupType = wrapper.xcdatamodel;
		};
/* End XCVersionGroup section */
	};
	rootObject = BACCB39B291EBEE2004B65EC /* Project object */;
}
