// !$*UTF8*$!
{
	archiveVersion = 1;
	classes = {
	};
	objectVersion = 55;
	objects = {

/* Begin PBXBuildFile section */
		BAE345DB28D8C1510016D088 /* PentominoesApp.swift in Sources */ = {isa = PBXBuildFile; fileRef = BAE345DA28D8C1510016D088 /* PentominoesApp.swift */; };
		BAE345DD28D8C1510016D088 /* MainView.swift in Sources */ = {isa = PBXBuildFile; fileRef = BAE345DC28D8C1510016D088 /* MainView.swift */; };
		BAE345DF28D8C1530016D088 /* Assets.xcassets in Resources */ = {isa = PBXBuildFile; fileRef = BAE345DE28D8C1530016D088 /* Assets.xcassets */; };
		BAE345E228D8C1530016D088 /* Preview Assets.xcassets in Resources */ = {isa = PBXBuildFile; fileRef = BAE345E128D8C1530016D088 /* Preview Assets.xcassets */; };
		BAE345EC28D8C1530016D088 /* PentominoesTests.swift in Sources */ = {isa = PBXBuildFile; fileRef = BAE345EB28D8C1530016D088 /* PentominoesTests.swift */; };
		BAE345F628D8C1530016D088 /* PentominoesUITests.swift in Sources */ = {isa = PBXBuildFile; fileRef = BAE345F528D8C1530016D088 /* PentominoesUITests.swift */; };
		BAE345F828D8C1530016D088 /* PentominoesUITestsLaunchTests.swift in Sources */ = {isa = PBXBuildFile; fileRef = BAE345F728D8C1530016D088 /* PentominoesUITestsLaunchTests.swift */; };
		BAE346B528D8CB310016D088 /* Model.swift in Sources */ = {isa = PBXBuildFile; fileRef = BAE346B428D8CB310016D088 /* Model.swift */; };
		BAE346B728D8CC500016D088 /* ButtonColumn.swift in Sources */ = {isa = PBXBuildFile; fileRef = BAE346B628D8CC500016D088 /* ButtonColumn.swift */; };
		BAE346BB28D8D4490016D088 /* BoardAndPieceView.swift in Sources */ = {isa = PBXBuildFile; fileRef = BAE346BA28D8D4490016D088 /* BoardAndPieceView.swift */; };
		BAE346BE28D8D6B10016D088 /* Manager.swift in Sources */ = {isa = PBXBuildFile; fileRef = BAE346BD28D8D6B10016D088 /* Manager.swift */; };
		BAE346C228D8DEA50016D088 /* StorageManager.swift in Sources */ = {isa = PBXBuildFile; fileRef = BAE346C128D8DEA50016D088 /* StorageManager.swift */; };
/* End PBXBuildFile section */

/* Begin PBXContainerItemProxy section */
		BAE345E828D8C1530016D088 /* PBXContainerItemProxy */ = {
			isa = PBXContainerItemProxy;
			containerPortal = BAE345CF28D8C1510016D088 /* Project object */;
			proxyType = 1;
			remoteGlobalIDString = BAE345D628D8C1510016D088;
			remoteInfo = Pentominoes;
		};
		BAE345F228D8C1530016D088 /* PBXContainerItemProxy */ = {
			isa = PBXContainerItemProxy;
			containerPortal = BAE345CF28D8C1510016D088 /* Project object */;
			proxyType = 1;
			remoteGlobalIDString = BAE345D628D8C1510016D088;
			remoteInfo = Pentominoes;
		};
/* End PBXContainerItemProxy section */

/* Begin PBXFileReference section */
		BAE345D728D8C1510016D088 /* Pentominoes.app */ = {isa = PBXFileReference; explicitFileType = wrapper.application; includeInIndex = 0; path = Pentominoes.app; sourceTree = BUILT_PRODUCTS_DIR; };
		BAE345DA28D8C1510016D088 /* PentominoesApp.swift */ = {isa = PBXFileReference; lastKnownFileType = sourcecode.swift; path = PentominoesApp.swift; sourceTree = "<group>"; };
		BAE345DC28D8C1510016D088 /* MainView.swift */ = {isa = PBXFileReference; lastKnownFileType = sourcecode.swift; path = MainView.swift; sourceTree = "<group>"; };
		BAE345DE28D8C1530016D088 /* Assets.xcassets */ = {isa = PBXFileReference; lastKnownFileType = folder.assetcatalog; path = Assets.xcassets; sourceTree = "<group>"; };
		BAE345E128D8C1530016D088 /* Preview Assets.xcassets */ = {isa = PBXFileReference; lastKnownFileType = folder.assetcatalog; path = "Preview Assets.xcassets"; sourceTree = "<group>"; };
		BAE345E728D8C1530016D088 /* PentominoesTests.xctest */ = {isa = PBXFileReference; explicitFileType = wrapper.cfbundle; includeInIndex = 0; path = PentominoesTests.xctest; sourceTree = BUILT_PRODUCTS_DIR; };
		BAE345EB28D8C1530016D088 /* PentominoesTests.swift */ = {isa = PBXFileReference; lastKnownFileType = sourcecode.swift; path = PentominoesTests.swift; sourceTree = "<group>"; };
		BAE345F128D8C1530016D088 /* PentominoesUITests.xctest */ = {isa = PBXFileReference; explicitFileType = wrapper.cfbundle; includeInIndex = 0; path = PentominoesUITests.xctest; sourceTree = BUILT_PRODUCTS_DIR; };
		BAE345F528D8C1530016D088 /* PentominoesUITests.swift */ = {isa = PBXFileReference; lastKnownFileType = sourcecode.swift; path = PentominoesUITests.swift; sourceTree = "<group>"; };
		BAE345F728D8C1530016D088 /* PentominoesUITestsLaunchTests.swift */ = {isa = PBXFileReference; lastKnownFileType = sourcecode.swift; path = PentominoesUITestsLaunchTests.swift; sourceTree = "<group>"; };
		BAE3460828D8C2800016D088 /* Solutions.json */ = {isa = PBXFileReference; lastKnownFileType = text.json; path = Solutions.json; sourceTree = "<group>"; };
		BAE3460928D8C2860016D088 /* Tiles.json */ = {isa = PBXFileReference; lastKnownFileType = text.json; path = Tiles.json; sourceTree = "<group>"; };
		BAE346B428D8CB310016D088 /* Model.swift */ = {isa = PBXFileReference; fileEncoding = 4; lastKnownFileType = sourcecode.swift; name = Model.swift; path = "../../../../../Downloads/Pentomino Assets 2/Model.swift"; sourceTree = "<group>"; };
		BAE346B628D8CC500016D088 /* ButtonColumn.swift */ = {isa = PBXFileReference; lastKnownFileType = sourcecode.swift; path = ButtonColumn.swift; sourceTree = "<group>"; };
		BAE346BA28D8D4490016D088 /* BoardAndPieceView.swift */ = {isa = PBXFileReference; lastKnownFileType = sourcecode.swift; path = BoardAndPieceView.swift; sourceTree = "<group>"; };
		BAE346BD28D8D6B10016D088 /* Manager.swift */ = {isa = PBXFileReference; lastKnownFileType = sourcecode.swift; path = Manager.swift; sourceTree = "<group>"; };
		BAE346C128D8DEA50016D088 /* StorageManager.swift */ = {isa = PBXFileReference; lastKnownFileType = sourcecode.swift; path = StorageManager.swift; sourceTree = "<group>"; };
/* End PBXFileReference section */

/* Begin PBXFrameworksBuildPhase section */
		BAE345D428D8C1510016D088 /* Frameworks */ = {
			isa = PBXFrameworksBuildPhase;
			buildActionMask = 2147483647;
			files = (
			);
			runOnlyForDeploymentPostprocessing = 0;
		};
		BAE345E428D8C1530016D088 /* Frameworks */ = {
			isa = PBXFrameworksBuildPhase;
			buildActionMask = 2147483647;
			files = (
			);
			runOnlyForDeploymentPostprocessing = 0;
		};
		BAE345EE28D8C1530016D088 /* Frameworks */ = {
			isa = PBXFrameworksBuildPhase;
			buildActionMask = 2147483647;
			files = (
			);
			runOnlyForDeploymentPostprocessing = 0;
		};
/* End PBXFrameworksBuildPhase section */

/* Begin PBXGroup section */
		BAE345CE28D8C1510016D088 = {
			isa = PBXGroup;
			children = (
				BAE345D928D8C1510016D088 /* Pentominoes */,
				BAE345EA28D8C1530016D088 /* PentominoesTests */,
				BAE345F428D8C1530016D088 /* PentominoesUITests */,
				BAE3460828D8C2800016D088 /* Solutions.json */,
				BAE3460928D8C2860016D088 /* Tiles.json */,
				BAE345D828D8C1510016D088 /* Products */,
			);
			sourceTree = "<group>";
		};
		BAE345D828D8C1510016D088 /* Products */ = {
			isa = PBXGroup;
			children = (
				BAE345D728D8C1510016D088 /* Pentominoes.app */,
				BAE345E728D8C1530016D088 /* PentominoesTests.xctest */,
				BAE345F128D8C1530016D088 /* PentominoesUITests.xctest */,
			);
			name = Products;
			sourceTree = "<group>";
		};
		BAE345D928D8C1510016D088 /* Pentominoes */ = {
			isa = PBXGroup;
			children = (
				BAE346BC28D8D69C0016D088 /* ViewModel */,
				BAE346B328D8CB230016D088 /* Model */,
				BAE3460C28D8C3C50016D088 /* Views */,
				BAE345DA28D8C1510016D088 /* PentominoesApp.swift */,
				BAE345DE28D8C1530016D088 /* Assets.xcassets */,
				BAE345E028D8C1530016D088 /* Preview Content */,
			);
			path = Pentominoes;
			sourceTree = "<group>";
		};
		BAE345E028D8C1530016D088 /* Preview Content */ = {
			isa = PBXGroup;
			children = (
				BAE345E128D8C1530016D088 /* Preview Assets.xcassets */,
			);
			path = "Preview Content";
			sourceTree = "<group>";
		};
		BAE345EA28D8C1530016D088 /* PentominoesTests */ = {
			isa = PBXGroup;
			children = (
				BAE345EB28D8C1530016D088 /* PentominoesTests.swift */,
			);
			path = PentominoesTests;
			sourceTree = "<group>";
		};
		BAE345F428D8C1530016D088 /* PentominoesUITests */ = {
			isa = PBXGroup;
			children = (
				BAE345F528D8C1530016D088 /* PentominoesUITests.swift */,
				BAE345F728D8C1530016D088 /* PentominoesUITestsLaunchTests.swift */,
			);
			path = PentominoesUITests;
			sourceTree = "<group>";
		};
		BAE3460C28D8C3C50016D088 /* Views */ = {
			isa = PBXGroup;
			children = (
				BAE345DC28D8C1510016D088 /* MainView.swift */,
				BAE346B628D8CC500016D088 /* ButtonColumn.swift */,
				BAE346BA28D8D4490016D088 /* BoardAndPieceView.swift */,
			);
			path = Views;
			sourceTree = "<group>";
		};
		BAE346B328D8CB230016D088 /* Model */ = {
			isa = PBXGroup;
			children = (
				BAE346B428D8CB310016D088 /* Model.swift */,
				BAE346C128D8DEA50016D088 /* StorageManager.swift */,
			);
			path = Model;
			sourceTree = "<group>";
		};
		BAE346BC28D8D69C0016D088 /* ViewModel */ = {
			isa = PBXGroup;
			children = (
				BAE346BD28D8D6B10016D088 /* Manager.swift */,
			);
			path = ViewModel;
			sourceTree = "<group>";
		};
/* End PBXGroup section */

/* Begin PBXNativeTarget section */
		BAE345D628D8C1510016D088 /* Pentominoes */ = {
			isa = PBXNativeTarget;
			buildConfigurationList = BAE345FB28D8C1530016D088 /* Build configuration list for PBXNativeTarget "Pentominoes" */;
			buildPhases = (
				BAE345D328D8C1510016D088 /* Sources */,
				BAE345D428D8C1510016D088 /* Frameworks */,
				BAE345D528D8C1510016D088 /* Resources */,
			);
			buildRules = (
			);
			dependencies = (
			);
			name = Pentominoes;
			productName = Pentominoes;
			productReference = BAE345D728D8C1510016D088 /* Pentominoes.app */;
			productType = "com.apple.product-type.application";
		};
		BAE345E628D8C1530016D088 /* PentominoesTests */ = {
			isa = PBXNativeTarget;
			buildConfigurationList = BAE345FE28D8C1530016D088 /* Build configuration list for PBXNativeTarget "PentominoesTests" */;
			buildPhases = (
				BAE345E328D8C1530016D088 /* Sources */,
				BAE345E428D8C1530016D088 /* Frameworks */,
				BAE345E528D8C1530016D088 /* Resources */,
			);
			buildRules = (
			);
			dependencies = (
				BAE345E928D8C1530016D088 /* PBXTargetDependency */,
			);
			name = PentominoesTests;
			productName = PentominoesTests;
			productReference = BAE345E728D8C1530016D088 /* PentominoesTests.xctest */;
			productType = "com.apple.product-type.bundle.unit-test";
		};
		BAE345F028D8C1530016D088 /* PentominoesUITests */ = {
			isa = PBXNativeTarget;
			buildConfigurationList = BAE3460128D8C1530016D088 /* Build configuration list for PBXNativeTarget "PentominoesUITests" */;
			buildPhases = (
				BAE345ED28D8C1530016D088 /* Sources */,
				BAE345EE28D8C1530016D088 /* Frameworks */,
				BAE345EF28D8C1530016D088 /* Resources */,
			);
			buildRules = (
			);
			dependencies = (
				BAE345F328D8C1530016D088 /* PBXTargetDependency */,
			);
			name = PentominoesUITests;
			productName = PentominoesUITests;
			productReference = BAE345F128D8C1530016D088 /* PentominoesUITests.xctest */;
			productType = "com.apple.product-type.bundle.ui-testing";
		};
/* End PBXNativeTarget section */

/* Begin PBXProject section */
		BAE345CF28D8C1510016D088 /* Project object */ = {
			isa = PBXProject;
			attributes = {
				BuildIndependentTargetsInParallel = 1;
				LastSwiftUpdateCheck = 1340;
				LastUpgradeCheck = 1340;
				TargetAttributes = {
					BAE345D628D8C1510016D088 = {
						CreatedOnToolsVersion = 13.4.1;
					};
					BAE345E628D8C1530016D088 = {
						CreatedOnToolsVersion = 13.4.1;
						TestTargetID = BAE345D628D8C1510016D088;
					};
					BAE345F028D8C1530016D088 = {
						CreatedOnToolsVersion = 13.4.1;
						TestTargetID = BAE345D628D8C1510016D088;
					};
				};
			};
			buildConfigurationList = BAE345D228D8C1510016D088 /* Build configuration list for PBXProject "Pentominoes" */;
			compatibilityVersion = "Xcode 13.0";
			developmentRegion = en;
			hasScannedForEncodings = 0;
			knownRegions = (
				en,
				Base,
			);
			mainGroup = BAE345CE28D8C1510016D088;
			productRefGroup = BAE345D828D8C1510016D088 /* Products */;
			projectDirPath = "";
			projectRoot = "";
			targets = (
				BAE345D628D8C1510016D088 /* Pentominoes */,
				BAE345E628D8C1530016D088 /* PentominoesTests */,
				BAE345F028D8C1530016D088 /* PentominoesUITests */,
			);
		};
/* End PBXProject section */

/* Begin PBXResourcesBuildPhase section */
		BAE345D528D8C1510016D088 /* Resources */ = {
			isa = PBXResourcesBuildPhase;
			buildActionMask = 2147483647;
			files = (
				BAE345E228D8C1530016D088 /* Preview Assets.xcassets in Resources */,
				BAE345DF28D8C1530016D088 /* Assets.xcassets in Resources */,
			);
			runOnlyForDeploymentPostprocessing = 0;
		};
		BAE345E528D8C1530016D088 /* Resources */ = {
			isa = PBXResourcesBuildPhase;
			buildActionMask = 2147483647;
			files = (
			);
			runOnlyForDeploymentPostprocessing = 0;
		};
		BAE345EF28D8C1530016D088 /* Resources */ = {
			isa = PBXResourcesBuildPhase;
			buildActionMask = 2147483647;
			files = (
			);
			runOnlyForDeploymentPostprocessing = 0;
		};
/* End PBXResourcesBuildPhase section */

/* Begin PBXSourcesBuildPhase section */
		BAE345D328D8C1510016D088 /* Sources */ = {
			isa = PBXSourcesBuildPhase;
			buildActionMask = 2147483647;
			files = (
				BAE346BB28D8D4490016D088 /* BoardAndPieceView.swift in Sources */,
				BAE346B728D8CC500016D088 /* ButtonColumn.swift in Sources */,
				BAE346BE28D8D6B10016D088 /* Manager.swift in Sources */,
				BAE346B528D8CB310016D088 /* Model.swift in Sources */,
				BAE345DD28D8C1510016D088 /* MainView.swift in Sources */,
				BAE345DB28D8C1510016D088 /* PentominoesApp.swift in Sources */,
				BAE346C228D8DEA50016D088 /* StorageManager.swift in Sources */,
			);
			runOnlyForDeploymentPostprocessing = 0;
		};
		BAE345E328D8C1530016D088 /* Sources */ = {
			isa = PBXSourcesBuildPhase;
			buildActionMask = 2147483647;
			files = (
				BAE345EC28D8C1530016D088 /* PentominoesTests.swift in Sources */,
			);
			runOnlyForDeploymentPostprocessing = 0;
		};
		BAE345ED28D8C1530016D088 /* Sources */ = {
			isa = PBXSourcesBuildPhase;
			buildActionMask = 2147483647;
			files = (
				BAE345F828D8C1530016D088 /* PentominoesUITestsLaunchTests.swift in Sources */,
				BAE345F628D8C1530016D088 /* PentominoesUITests.swift in Sources */,
			);
			runOnlyForDeploymentPostprocessing = 0;
		};
/* End PBXSourcesBuildPhase section */

/* Begin PBXTargetDependency section */
		BAE345E928D8C1530016D088 /* PBXTargetDependency */ = {
			isa = PBXTargetDependency;
			target = BAE345D628D8C1510016D088 /* Pentominoes */;
			targetProxy = BAE345E828D8C1530016D088 /* PBXContainerItemProxy */;
		};
		BAE345F328D8C1530016D088 /* PBXTargetDependency */ = {
			isa = PBXTargetDependency;
			target = BAE345D628D8C1510016D088 /* Pentominoes */;
			targetProxy = BAE345F228D8C1530016D088 /* PBXContainerItemProxy */;
		};
/* End PBXTargetDependency section */

/* Begin XCBuildConfiguration section */
		BAE345F928D8C1530016D088 /* Debug */ = {
			isa = XCBuildConfiguration;
			buildSettings = {
				ALWAYS_SEARCH_USER_PATHS = NO;
				CLANG_ANALYZER_NONNULL = YES;
				CLANG_ANALYZER_NUMBER_OBJECT_CONVERSION = YES_AGGRESSIVE;
				CLANG_CXX_LANGUAGE_STANDARD = "gnu++17";
				CLANG_ENABLE_MODULES = YES;
				CLANG_ENABLE_OBJC_ARC = YES;
				CLANG_ENABLE_OBJC_WEAK = YES;
				CLANG_WARN_BLOCK_CAPTURE_AUTORELEASING = YES;
				CLANG_WARN_BOOL_CONVERSION = YES;
				CLANG_WARN_COMMA = YES;
				CLANG_WARN_CONSTANT_CONVERSION = YES;
				CLANG_WARN_DEPRECATED_OBJC_IMPLEMENTATIONS = YES;
				CLANG_WARN_DIRECT_OBJC_ISA_USAGE = YES_ERROR;
				CLANG_WARN_DOCUMENTATION_COMMENTS = YES;
				CLANG_WARN_EMPTY_BODY = YES;
				CLANG_WARN_ENUM_CONVERSION = YES;
				CLANG_WARN_INFINITE_RECURSION = YES;
				CLANG_WARN_INT_CONVERSION = YES;
				CLANG_WARN_NON_LITERAL_NULL_CONVERSION = YES;
				CLANG_WARN_OBJC_IMPLICIT_RETAIN_SELF = YES;
				CLANG_WARN_OBJC_LITERAL_CONVERSION = YES;
				CLANG_WARN_OBJC_ROOT_CLASS = YES_ERROR;
				CLANG_WARN_QUOTED_INCLUDE_IN_FRAMEWORK_HEADER = YES;
				CLANG_WARN_RANGE_LOOP_ANALYSIS = YES;
				CLANG_WARN_STRICT_PROTOTYPES = YES;
				CLANG_WARN_SUSPICIOUS_MOVE = YES;
				CLANG_WARN_UNGUARDED_AVAILABILITY = YES_AGGRESSIVE;
				CLANG_WARN_UNREACHABLE_CODE = YES;
				CLANG_WARN__DUPLICATE_METHOD_MATCH = YES;
				COPY_PHASE_STRIP = NO;
				DEBUG_INFORMATION_FORMAT = dwarf;
				ENABLE_STRICT_OBJC_MSGSEND = YES;
				ENABLE_TESTABILITY = YES;
				GCC_C_LANGUAGE_STANDARD = gnu11;
				GCC_DYNAMIC_NO_PIC = NO;
				GCC_NO_COMMON_BLOCKS = YES;
				GCC_OPTIMIZATION_LEVEL = 0;
				GCC_PREPROCESSOR_DEFINITIONS = (
					"DEBUG=1",
					"$(inherited)",
				);
				GCC_WARN_64_TO_32_BIT_CONVERSION = YES;
				GCC_WARN_ABOUT_RETURN_TYPE = YES_ERROR;
				GCC_WARN_UNDECLARED_SELECTOR = YES;
				GCC_WARN_UNINITIALIZED_AUTOS = YES_AGGRESSIVE;
				GCC_WARN_UNUSED_FUNCTION = YES;
				GCC_WARN_UNUSED_VARIABLE = YES;
				IPHONEOS_DEPLOYMENT_TARGET = 15.5;
				MTL_ENABLE_DEBUG_INFO = INCLUDE_SOURCE;
				MTL_FAST_MATH = YES;
				ONLY_ACTIVE_ARCH = YES;
				SDKROOT = iphoneos;
				SWIFT_ACTIVE_COMPILATION_CONDITIONS = DEBUG;
				SWIFT_OPTIMIZATION_LEVEL = "-Onone";
			};
			name = Debug;
		};
		BAE345FA28D8C1530016D088 /* Release */ = {
			isa = XCBuildConfiguration;
			buildSettings = {
				ALWAYS_SEARCH_USER_PATHS = NO;
				CLANG_ANALYZER_NONNULL = YES;
				CLANG_ANALYZER_NUMBER_OBJECT_CONVERSION = YES_AGGRESSIVE;
				CLANG_CXX_LANGUAGE_STANDARD = "gnu++17";
				CLANG_ENABLE_MODULES = YES;
				CLANG_ENABLE_OBJC_ARC = YES;
				CLANG_ENABLE_OBJC_WEAK = YES;
				CLANG_WARN_BLOCK_CAPTURE_AUTORELEASING = YES;
				CLANG_WARN_BOOL_CONVERSION = YES;
				CLANG_WARN_COMMA = YES;
				CLANG_WARN_CONSTANT_CONVERSION = YES;
				CLANG_WARN_DEPRECATED_OBJC_IMPLEMENTATIONS = YES;
				CLANG_WARN_DIRECT_OBJC_ISA_USAGE = YES_ERROR;
				CLANG_WARN_DOCUMENTATION_COMMENTS = YES;
				CLANG_WARN_EMPTY_BODY = YES;
				CLANG_WARN_ENUM_CONVERSION = YES;
				CLANG_WARN_INFINITE_RECURSION = YES;
				CLANG_WARN_INT_CONVERSION = YES;
				CLANG_WARN_NON_LITERAL_NULL_CONVERSION = YES;
				CLANG_WARN_OBJC_IMPLICIT_RETAIN_SELF = YES;
				CLANG_WARN_OBJC_LITERAL_CONVERSION = YES;
				CLANG_WARN_OBJC_ROOT_CLASS = YES_ERROR;
				CLANG_WARN_QUOTED_INCLUDE_IN_FRAMEWORK_HEADER = YES;
				CLANG_WARN_RANGE_LOOP_ANALYSIS = YES;
				CLANG_WARN_STRICT_PROTOTYPES = YES;
				CLANG_WARN_SUSPICIOUS_MOVE = YES;
				CLANG_WARN_UNGUARDED_AVAILABILITY = YES_AGGRESSIVE;
				CLANG_WARN_UNREACHABLE_CODE = YES;
				CLANG_WARN__DUPLICATE_METHOD_MATCH = YES;
				COPY_PHASE_STRIP = NO;
				DEBUG_INFORMATION_FORMAT = "dwarf-with-dsym";
				ENABLE_NS_ASSERTIONS = NO;
				ENABLE_STRICT_OBJC_MSGSEND = YES;
				GCC_C_LANGUAGE_STANDARD = gnu11;
				GCC_NO_COMMON_BLOCKS = YES;
				GCC_WARN_64_TO_32_BIT_CONVERSION = YES;
				GCC_WARN_ABOUT_RETURN_TYPE = YES_ERROR;
				GCC_WARN_UNDECLARED_SELECTOR = YES;
				GCC_WARN_UNINITIALIZED_AUTOS = YES_AGGRESSIVE;
				GCC_WARN_UNUSED_FUNCTION = YES;
				GCC_WARN_UNUSED_VARIABLE = YES;
				IPHONEOS_DEPLOYMENT_TARGET = 15.5;
				MTL_ENABLE_DEBUG_INFO = NO;
				MTL_FAST_MATH = YES;
				SDKROOT = iphoneos;
				SWIFT_COMPILATION_MODE = wholemodule;
				SWIFT_OPTIMIZATION_LEVEL = "-O";
				VALIDATE_PRODUCT = YES;
			};
			name = Release;
		};
		BAE345FC28D8C1530016D088 /* Debug */ = {
			isa = XCBuildConfiguration;
			buildSettings = {
				ASSETCATALOG_COMPILER_APPICON_NAME = AppIcon;
				ASSETCATALOG_COMPILER_GLOBAL_ACCENT_COLOR_NAME = AccentColor;
				CODE_SIGN_STYLE = Automatic;
				CURRENT_PROJECT_VERSION = 1;
				DEVELOPMENT_ASSET_PATHS = "\"Pentominoes/Preview Content\"";
				DEVELOPMENT_TEAM = KWNX9MKVPU;
				ENABLE_PREVIEWS = YES;
				GENERATE_INFOPLIST_FILE = YES;
				INFOPLIST_KEY_UIApplicationSceneManifest_Generation = YES;
				INFOPLIST_KEY_UIApplicationSupportsIndirectInputEvents = YES;
				INFOPLIST_KEY_UILaunchScreen_Generation = YES;
				INFOPLIST_KEY_UISupportedInterfaceOrientations_iPad = "UIInterfaceOrientationPortrait UIInterfaceOrientationPortraitUpsideDown UIInterfaceOrientationLandscapeLeft UIInterfaceOrientationLandscapeRight";
				INFOPLIST_KEY_UISupportedInterfaceOrientations_iPhone = "UIInterfaceOrientationPortrait UIInterfaceOrientationLandscapeLeft UIInterfaceOrientationLandscapeRight";
				LD_RUNPATH_SEARCH_PATHS = (
					"$(inherited)",
					"@executable_path/Frameworks",
				);
				MARKETING_VERSION = 1.0;
				PRODUCT_BUNDLE_IDENTIFIER = edu.psu.drs5972.Pentominoes;
				PRODUCT_NAME = "$(TARGET_NAME)";
				SWIFT_EMIT_LOC_STRINGS = YES;
				SWIFT_VERSION = 5.0;
				TARGETED_DEVICE_FAMILY = "1,2";
			};
			name = Debug;
		};
		BAE345FD28D8C1530016D088 /* Release */ = {
			isa = XCBuildConfiguration;
			buildSettings = {
				ASSETCATALOG_COMPILER_APPICON_NAME = AppIcon;
				ASSETCATALOG_COMPILER_GLOBAL_ACCENT_COLOR_NAME = AccentColor;
				CODE_SIGN_STYLE = Automatic;
				CURRENT_PROJECT_VERSION = 1;
				DEVELOPMENT_ASSET_PATHS = "\"Pentominoes/Preview Content\"";
				DEVELOPMENT_TEAM = KWNX9MKVPU;
				ENABLE_PREVIEWS = YES;
				GENERATE_INFOPLIST_FILE = YES;
				INFOPLIST_KEY_UIApplicationSceneManifest_Generation = YES;
				INFOPLIST_KEY_UIApplicationSupportsIndirectInputEvents = YES;
				INFOPLIST_KEY_UILaunchScreen_Generation = YES;
				INFOPLIST_KEY_UISupportedInterfaceOrientations_iPad = "UIInterfaceOrientationPortrait UIInterfaceOrientationPortraitUpsideDown UIInterfaceOrientationLandscapeLeft UIInterfaceOrientationLandscapeRight";
				INFOPLIST_KEY_UISupportedInterfaceOrientations_iPhone = "UIInterfaceOrientationPortrait UIInterfaceOrientationLandscapeLeft UIInterfaceOrientationLandscapeRight";
				LD_RUNPATH_SEARCH_PATHS = (
					"$(inherited)",
					"@executable_path/Frameworks",
				);
				MARKETING_VERSION = 1.0;
				PRODUCT_BUNDLE_IDENTIFIER = edu.psu.drs5972.Pentominoes;
				PRODUCT_NAME = "$(TARGET_NAME)";
				SWIFT_EMIT_LOC_STRINGS = YES;
				SWIFT_VERSION = 5.0;
				TARGETED_DEVICE_FAMILY = "1,2";
			};
			name = Release;
		};
		BAE345FF28D8C1530016D088 /* Debug */ = {
			isa = XCBuildConfiguration;
			buildSettings = {
				ALWAYS_EMBED_SWIFT_STANDARD_LIBRARIES = YES;
				BUNDLE_LOADER = "$(TEST_HOST)";
				CODE_SIGN_STYLE = Automatic;
				CURRENT_PROJECT_VERSION = 1;
				DEVELOPMENT_TEAM = KWNX9MKVPU;
				GENERATE_INFOPLIST_FILE = YES;
				IPHONEOS_DEPLOYMENT_TARGET = 15.5;
				MARKETING_VERSION = 1.0;
				PRODUCT_BUNDLE_IDENTIFIER = edu.psu.drs5972.PentominoesTests;
				PRODUCT_NAME = "$(TARGET_NAME)";
				SWIFT_EMIT_LOC_STRINGS = NO;
				SWIFT_VERSION = 5.0;
				TARGETED_DEVICE_FAMILY = "1,2";
				TEST_HOST = "$(BUILT_PRODUCTS_DIR)/Pentominoes.app/Pentominoes";
			};
			name = Debug;
		};
		BAE3460028D8C1530016D088 /* Release */ = {
			isa = XCBuildConfiguration;
			buildSettings = {
				ALWAYS_EMBED_SWIFT_STANDARD_LIBRARIES = YES;
				BUNDLE_LOADER = "$(TEST_HOST)";
				CODE_SIGN_STYLE = Automatic;
				CURRENT_PROJECT_VERSION = 1;
				DEVELOPMENT_TEAM = KWNX9MKVPU;
				GENERATE_INFOPLIST_FILE = YES;
				IPHONEOS_DEPLOYMENT_TARGET = 15.5;
				MARKETING_VERSION = 1.0;
				PRODUCT_BUNDLE_IDENTIFIER = edu.psu.drs5972.PentominoesTests;
				PRODUCT_NAME = "$(TARGET_NAME)";
				SWIFT_EMIT_LOC_STRINGS = NO;
				SWIFT_VERSION = 5.0;
				TARGETED_DEVICE_FAMILY = "1,2";
				TEST_HOST = "$(BUILT_PRODUCTS_DIR)/Pentominoes.app/Pentominoes";
			};
			name = Release;
		};
		BAE3460228D8C1530016D088 /* Debug */ = {
			isa = XCBuildConfiguration;
			buildSettings = {
				ALWAYS_EMBED_SWIFT_STANDARD_LIBRARIES = YES;
				CODE_SIGN_STYLE = Automatic;
				CURRENT_PROJECT_VERSION = 1;
				DEVELOPMENT_TEAM = KWNX9MKVPU;
				GENERATE_INFOPLIST_FILE = YES;
				MARKETING_VERSION = 1.0;
				PRODUCT_BUNDLE_IDENTIFIER = edu.psu.drs5972.PentominoesUITests;
				PRODUCT_NAME = "$(TARGET_NAME)";
				SWIFT_EMIT_LOC_STRINGS = NO;
				SWIFT_VERSION = 5.0;
				TARGETED_DEVICE_FAMILY = "1,2";
				TEST_TARGET_NAME = Pentominoes;
			};
			name = Debug;
		};
		BAE3460328D8C1530016D088 /* Release */ = {
			isa = XCBuildConfiguration;
			buildSettings = {
				ALWAYS_EMBED_SWIFT_STANDARD_LIBRARIES = YES;
				CODE_SIGN_STYLE = Automatic;
				CURRENT_PROJECT_VERSION = 1;
				DEVELOPMENT_TEAM = KWNX9MKVPU;
				GENERATE_INFOPLIST_FILE = YES;
				MARKETING_VERSION = 1.0;
				PRODUCT_BUNDLE_IDENTIFIER = edu.psu.drs5972.PentominoesUITests;
				PRODUCT_NAME = "$(TARGET_NAME)";
				SWIFT_EMIT_LOC_STRINGS = NO;
				SWIFT_VERSION = 5.0;
				TARGETED_DEVICE_FAMILY = "1,2";
				TEST_TARGET_NAME = Pentominoes;
			};
			name = Release;
		};
/* End XCBuildConfiguration section */

/* Begin XCConfigurationList section */
		BAE345D228D8C1510016D088 /* Build configuration list for PBXProject "Pentominoes" */ = {
			isa = XCConfigurationList;
			buildConfigurations = (
				BAE345F928D8C1530016D088 /* Debug */,
				BAE345FA28D8C1530016D088 /* Release */,
			);
			defaultConfigurationIsVisible = 0;
			defaultConfigurationName = Release;
		};
		BAE345FB28D8C1530016D088 /* Build configuration list for PBXNativeTarget "Pentominoes" */ = {
			isa = XCConfigurationList;
			buildConfigurations = (
				BAE345FC28D8C1530016D088 /* Debug */,
				BAE345FD28D8C1530016D088 /* Release */,
			);
			defaultConfigurationIsVisible = 0;
			defaultConfigurationName = Release;
		};
		BAE345FE28D8C1530016D088 /* Build configuration list for PBXNativeTarget "PentominoesTests" */ = {
			isa = XCConfigurationList;
			buildConfigurations = (
				BAE345FF28D8C1530016D088 /* Debug */,
				BAE3460028D8C1530016D088 /* Release */,
			);
			defaultConfigurationIsVisible = 0;
			defaultConfigurationName = Release;
		};
		BAE3460128D8C1530016D088 /* Build configuration list for PBXNativeTarget "PentominoesUITests" */ = {
			isa = XCConfigurationList;
			buildConfigurations = (
				BAE3460228D8C1530016D088 /* Debug */,
				BAE3460328D8C1530016D088 /* Release */,
			);
			defaultConfigurationIsVisible = 0;
			defaultConfigurationName = Release;
		};
/* End XCConfigurationList section */
	};
	rootObject = BAE345CF28D8C1510016D088 /* Project object */;
}
